// !$*UTF8*$!
{
	archiveVersion = 1;
	classes = {
	};
	objectVersion = 46;
	objects = {

/* Begin PBXBuildFile section */
		12AA4565FD6D887C315063EC /* libPods-Today.a in Frameworks */ = {isa = PBXBuildFile; fileRef = 1EC56497DC2B8986631167E8 /* libPods-Today.a */; };
		3B0F89181FB568EF00DB8014 /* SDHomeViewController.m in Sources */ = {isa = PBXBuildFile; fileRef = 3B0F89171FB568EF00DB8014 /* SDHomeViewController.m */; };
		3B0F891C1FB56AC300DB8014 /* SDBaseViewController.m in Sources */ = {isa = PBXBuildFile; fileRef = 3B0F891B1FB56AC300DB8014 /* SDBaseViewController.m */; };
		3B0F891F1FB56AEA00DB8014 /* SDWritingViewController.m in Sources */ = {isa = PBXBuildFile; fileRef = 3B0F891E1FB56AEA00DB8014 /* SDWritingViewController.m */; };
		3B32E6CD1FBB3E36001FC11B /* README.md in Resources */ = {isa = PBXBuildFile; fileRef = 3B32E6CC1FBB3E36001FC11B /* README.md */; };
		3B3654E51FBDDAED009B9937 /* SDRootViewController.m in Sources */ = {isa = PBXBuildFile; fileRef = 3B3654E21FBDDAED009B9937 /* SDRootViewController.m */; };
		3B3654E61FBDDAED009B9937 /* BaseTableView.m in Sources */ = {isa = PBXBuildFile; fileRef = 3B3654E41FBDDAED009B9937 /* BaseTableView.m */; };
		3B415EA71FBBEFE00079B9AB /* UIImageView+SDImageManagerHelper.m in Sources */ = {isa = PBXBuildFile; fileRef = 3B415EA61FBBEFE00079B9AB /* UIImageView+SDImageManagerHelper.m */; };
		3B415EAA1FBC025A0079B9AB /* SDEventLayout.m in Sources */ = {isa = PBXBuildFile; fileRef = 3B415EA91FBC025A0079B9AB /* SDEventLayout.m */; };
		3B415EAD1FBC0C1B0079B9AB /* SDConvenientFunc.m in Sources */ = {isa = PBXBuildFile; fileRef = 3B415EAC1FBC0C1B0079B9AB /* SDConvenientFunc.m */; };
		3B698D821FC32322002F52E5 /* SDWritingToolbar.m in Sources */ = {isa = PBXBuildFile; fileRef = 3B698D811FC32322002F52E5 /* SDWritingToolbar.m */; };
		3B698D841FC32494002F52E5 /* SDWritingToolbar.xib in Resources */ = {isa = PBXBuildFile; fileRef = 3B698D831FC32494002F52E5 /* SDWritingToolbar.xib */; };
		3B76FBFE1FC666D400D0AA4B /* LeanCloudAbout.md in Resources */ = {isa = PBXBuildFile; fileRef = 3B76FBFD1FC666D400D0AA4B /* LeanCloudAbout.md */; };
		3B76FC041FC6686000D0AA4B /* SDUserTests.m in Sources */ = {isa = PBXBuildFile; fileRef = 3B76FC031FC6686000D0AA4B /* SDUserTests.m */; };
		3B76FC061FC6686C00D0AA4B /* SDEventItemTests.m in Sources */ = {isa = PBXBuildFile; fileRef = 3B76FC051FC6686C00D0AA4B /* SDEventItemTests.m */; };
		3BC069501FC5CA4200B63359 /* TodayTests.m in Sources */ = {isa = PBXBuildFile; fileRef = 3BC0694F1FC5CA4200B63359 /* TodayTests.m */; };
		3BC0695E1FC5CA5C00B63359 /* TodayUITests.m in Sources */ = {isa = PBXBuildFile; fileRef = 3BC0695D1FC5CA5C00B63359 /* TodayUITests.m */; };
		3BC2331E1FBAEDB800FF0A1D /* HomeItemTableViewCell.m in Sources */ = {isa = PBXBuildFile; fileRef = 3BC2331C1FBAEDB800FF0A1D /* HomeItemTableViewCell.m */; };
		3BC2331F1FBAEDB800FF0A1D /* HomeItemTableViewCell.xib in Resources */ = {isa = PBXBuildFile; fileRef = 3BC2331D1FBAEDB800FF0A1D /* HomeItemTableViewCell.xib */; };
		3BC233231FBAFC6000FF0A1D /* SDLocationService.m in Sources */ = {isa = PBXBuildFile; fileRef = 3BC233221FBAFC6000FF0A1D /* SDLocationService.m */; };
		3BC4D5C11FC1CFA9003E1777 /* SDAdView.m in Sources */ = {isa = PBXBuildFile; fileRef = 3BC4D5C01FC1CFA9003E1777 /* SDAdView.m */; };
		3BD058081E5BE1CB00C891E4 /* main.m in Sources */ = {isa = PBXBuildFile; fileRef = 3BD058071E5BE1CB00C891E4 /* main.m */; };
		3BD0580B1E5BE1CB00C891E4 /* AppDelegate.m in Sources */ = {isa = PBXBuildFile; fileRef = 3BD0580A1E5BE1CB00C891E4 /* AppDelegate.m */; };
		3BD058131E5BE1CB00C891E4 /* Assets.xcassets in Resources */ = {isa = PBXBuildFile; fileRef = 3BD058121E5BE1CB00C891E4 /* Assets.xcassets */; };
		3BD058161E5BE1CB00C891E4 /* LaunchScreen.storyboard in Resources */ = {isa = PBXBuildFile; fileRef = 3BD058141E5BE1CB00C891E4 /* LaunchScreen.storyboard */; };
		3BD058221E5BE3A800C891E4 /* Account.m in Sources */ = {isa = PBXBuildFile; fileRef = 3BD058211E5BE3A800C891E4 /* Account.m */; };
		3BD058251E5BE46400C891E4 /* AccountConfiguration.m in Sources */ = {isa = PBXBuildFile; fileRef = 3BD058241E5BE46400C891E4 /* AccountConfiguration.m */; };
		3BD058291E5BE52F00C891E4 /* AccountService.m in Sources */ = {isa = PBXBuildFile; fileRef = 3BD058281E5BE52F00C891E4 /* AccountService.m */; };
		3BD0582E1E5BE84B00C891E4 /* LeanCloud.m in Sources */ = {isa = PBXBuildFile; fileRef = 3BD0582D1E5BE84B00C891E4 /* LeanCloud.m */; };
		3BD058321E5BF88600C891E4 /* SDEventItem.m in Sources */ = {isa = PBXBuildFile; fileRef = 3BD058311E5BF88600C891E4 /* SDEventItem.m */; };
		3BD058351E5BF9FB00C891E4 /* EventsRepeatPolicy.m in Sources */ = {isa = PBXBuildFile; fileRef = 3BD058341E5BF9FB00C891E4 /* EventsRepeatPolicy.m */; };
		3BD0583D1E5C31E200C891E4 /* NSDate+events.m in Sources */ = {isa = PBXBuildFile; fileRef = 3BD0583C1E5C31E200C891E4 /* NSDate+events.m */; };
		3BD0583F1E5C45A800C891E4 /* github.jpeg in Resources */ = {isa = PBXBuildFile; fileRef = 3BD0583E1E5C45A800C891E4 /* github.jpeg */; };
		3BDD7EC81FC6B2710065747A /* SDEventDetailViewController.m in Sources */ = {isa = PBXBuildFile; fileRef = 3BDD7EC71FC6B2710065747A /* SDEventDetailViewController.m */; };
		3BDD7EDB1FC6D4820065747A /* SDPersonalViewController.m in Sources */ = {isa = PBXBuildFile; fileRef = 3BDD7EDA1FC6D4820065747A /* SDPersonalViewController.m */; };
		3BDD7EE41FC6D4E20065747A /* DXBaseTableComponent.m in Sources */ = {isa = PBXBuildFile; fileRef = 3BDD7EDE1FC6D4E20065747A /* DXBaseTableComponent.m */; };
		3BDD7EE51FC6D4E20065747A /* DXCollectionComponent.m in Sources */ = {isa = PBXBuildFile; fileRef = 3BDD7EE01FC6D4E20065747A /* DXCollectionComponent.m */; };
		3BDD7EE61FC6D4E20065747A /* DXTableComponentViewController.m in Sources */ = {isa = PBXBuildFile; fileRef = 3BDD7EE31FC6D4E20065747A /* DXTableComponentViewController.m */; };
		3BDD7EE91FC6D7B30065747A /* SDPersonalComponent.m in Sources */ = {isa = PBXBuildFile; fileRef = 3BDD7EE81FC6D7B30065747A /* SDPersonalComponent.m */; };
		3BDD7EEC1FC6DA480065747A /* SDHomeComponent.m in Sources */ = {isa = PBXBuildFile; fileRef = 3BDD7EEB1FC6DA480065747A /* SDHomeComponent.m */; };
		3BF1C4F81E640CDC00223E49 /* AddEventsViewController.m in Sources */ = {isa = PBXBuildFile; fileRef = 3BF1C4F71E640CDC00223E49 /* AddEventsViewController.m */; };
		3BF1C5111E6410E300223E49 /* EventsManager.m in Sources */ = {isa = PBXBuildFile; fileRef = 3BF1C5101E6410E300223E49 /* EventsManager.m */; };
		3BF1C5141E642DC900223E49 /* EventGroupManager.m in Sources */ = {isa = PBXBuildFile; fileRef = 3BF1C5131E642DC900223E49 /* EventGroupManager.m */; };
		3BF1C5181E64353100223E49 /* APNDispatcher.m in Sources */ = {isa = PBXBuildFile; fileRef = 3BF1C5171E64353100223E49 /* APNDispatcher.m */; };
		3BF744101FBD293900280885 /* SDToast.m in Sources */ = {isa = PBXBuildFile; fileRef = 3BF7440F1FBD293900280885 /* SDToast.m */; };
		3BF744131FBD2FB000280885 /* UIColor+SDColor.m in Sources */ = {isa = PBXBuildFile; fileRef = 3BF744121FBD2FB000280885 /* UIColor+SDColor.m */; };
		532CEE267706C971A864DB62 /* libPods-TodayUITests.a in Frameworks */ = {isa = PBXBuildFile; fileRef = 83343DCFB3AE0ACA4B01FB87 /* libPods-TodayUITests.a */; };
		AEE92CB603FE4B88C16D9968 /* libPods-TodayTests.a in Frameworks */ = {isa = PBXBuildFile; fileRef = 30B2464407631797E1693F83 /* libPods-TodayTests.a */; };
/* End PBXBuildFile section */

/* Begin PBXContainerItemProxy section */
		3BC069521FC5CA4200B63359 /* PBXContainerItemProxy */ = {
			isa = PBXContainerItemProxy;
			containerPortal = 3BD057FB1E5BE1CB00C891E4 /* Project object */;
			proxyType = 1;
			remoteGlobalIDString = 3BD058021E5BE1CB00C891E4;
			remoteInfo = Today;
		};
		3BC069601FC5CA5C00B63359 /* PBXContainerItemProxy */ = {
			isa = PBXContainerItemProxy;
			containerPortal = 3BD057FB1E5BE1CB00C891E4 /* Project object */;
			proxyType = 1;
			remoteGlobalIDString = 3BD058021E5BE1CB00C891E4;
			remoteInfo = Today;
		};
/* End PBXContainerItemProxy section */

/* Begin PBXCopyFilesBuildPhase section */
		3BF1C50E1E640F6F00223E49 /* Embed App Extensions */ = {
			isa = PBXCopyFilesBuildPhase;
			buildActionMask = 2147483647;
			dstPath = "";
			dstSubfolderSpec = 13;
			files = (
			);
			name = "Embed App Extensions";
			runOnlyForDeploymentPostprocessing = 0;
		};
/* End PBXCopyFilesBuildPhase section */

/* Begin PBXFileReference section */
		06BCDD6D0FFBE5CF0423264B /* Pods-TodayUITests.debug.xcconfig */ = {isa = PBXFileReference; includeInIndex = 1; lastKnownFileType = text.xcconfig; name = "Pods-TodayUITests.debug.xcconfig"; path = "Pods/Target Support Files/Pods-TodayUITests/Pods-TodayUITests.debug.xcconfig"; sourceTree = "<group>"; };
		1EC56497DC2B8986631167E8 /* libPods-Today.a */ = {isa = PBXFileReference; explicitFileType = archive.ar; includeInIndex = 0; path = "libPods-Today.a"; sourceTree = BUILT_PRODUCTS_DIR; };
		2DED8E94496A87C013379E49 /* Pods-TodayTests.debug.xcconfig */ = {isa = PBXFileReference; includeInIndex = 1; lastKnownFileType = text.xcconfig; name = "Pods-TodayTests.debug.xcconfig"; path = "Pods/Target Support Files/Pods-TodayTests/Pods-TodayTests.debug.xcconfig"; sourceTree = "<group>"; };
		30B2464407631797E1693F83 /* libPods-TodayTests.a */ = {isa = PBXFileReference; explicitFileType = archive.ar; includeInIndex = 0; path = "libPods-TodayTests.a"; sourceTree = BUILT_PRODUCTS_DIR; };
		3B0F89161FB568EF00DB8014 /* SDHomeViewController.h */ = {isa = PBXFileReference; lastKnownFileType = sourcecode.c.h; path = SDHomeViewController.h; sourceTree = "<group>"; };
		3B0F89171FB568EF00DB8014 /* SDHomeViewController.m */ = {isa = PBXFileReference; lastKnownFileType = sourcecode.c.objc; path = SDHomeViewController.m; sourceTree = "<group>"; };
		3B0F891A1FB56AC300DB8014 /* SDBaseViewController.h */ = {isa = PBXFileReference; lastKnownFileType = sourcecode.c.h; path = SDBaseViewController.h; sourceTree = "<group>"; };
		3B0F891B1FB56AC300DB8014 /* SDBaseViewController.m */ = {isa = PBXFileReference; lastKnownFileType = sourcecode.c.objc; path = SDBaseViewController.m; sourceTree = "<group>"; };
		3B0F891D1FB56AEA00DB8014 /* SDWritingViewController.h */ = {isa = PBXFileReference; lastKnownFileType = sourcecode.c.h; path = SDWritingViewController.h; sourceTree = "<group>"; };
		3B0F891E1FB56AEA00DB8014 /* SDWritingViewController.m */ = {isa = PBXFileReference; lastKnownFileType = sourcecode.c.objc; path = SDWritingViewController.m; sourceTree = "<group>"; };
		3B32E6CC1FBB3E36001FC11B /* README.md */ = {isa = PBXFileReference; lastKnownFileType = net.daringfireball.markdown; path = README.md; sourceTree = "<group>"; };
		3B3654E11FBDDAED009B9937 /* SDRootViewController.h */ = {isa = PBXFileReference; fileEncoding = 4; lastKnownFileType = sourcecode.c.h; path = SDRootViewController.h; sourceTree = "<group>"; };
		3B3654E21FBDDAED009B9937 /* SDRootViewController.m */ = {isa = PBXFileReference; fileEncoding = 4; lastKnownFileType = sourcecode.c.objc; path = SDRootViewController.m; sourceTree = "<group>"; };
		3B3654E31FBDDAED009B9937 /* BaseTableView.h */ = {isa = PBXFileReference; fileEncoding = 4; lastKnownFileType = sourcecode.c.h; path = BaseTableView.h; sourceTree = "<group>"; };
		3B3654E41FBDDAED009B9937 /* BaseTableView.m */ = {isa = PBXFileReference; fileEncoding = 4; lastKnownFileType = sourcecode.c.objc; path = BaseTableView.m; sourceTree = "<group>"; };
		3B415EA51FBBEFE00079B9AB /* UIImageView+SDImageManagerHelper.h */ = {isa = PBXFileReference; lastKnownFileType = sourcecode.c.h; path = "UIImageView+SDImageManagerHelper.h"; sourceTree = "<group>"; };
		3B415EA61FBBEFE00079B9AB /* UIImageView+SDImageManagerHelper.m */ = {isa = PBXFileReference; lastKnownFileType = sourcecode.c.objc; path = "UIImageView+SDImageManagerHelper.m"; sourceTree = "<group>"; };
		3B415EA81FBC025A0079B9AB /* SDEventLayout.h */ = {isa = PBXFileReference; lastKnownFileType = sourcecode.c.h; path = SDEventLayout.h; sourceTree = "<group>"; };
		3B415EA91FBC025A0079B9AB /* SDEventLayout.m */ = {isa = PBXFileReference; lastKnownFileType = sourcecode.c.objc; path = SDEventLayout.m; sourceTree = "<group>"; };
		3B415EAB1FBC0C1B0079B9AB /* SDConvenientFunc.h */ = {isa = PBXFileReference; lastKnownFileType = sourcecode.c.h; path = SDConvenientFunc.h; sourceTree = "<group>"; };
		3B415EAC1FBC0C1B0079B9AB /* SDConvenientFunc.m */ = {isa = PBXFileReference; lastKnownFileType = sourcecode.c.objc; path = SDConvenientFunc.m; sourceTree = "<group>"; };
		3B698D801FC32322002F52E5 /* SDWritingToolbar.h */ = {isa = PBXFileReference; lastKnownFileType = sourcecode.c.h; path = SDWritingToolbar.h; sourceTree = "<group>"; };
		3B698D811FC32322002F52E5 /* SDWritingToolbar.m */ = {isa = PBXFileReference; lastKnownFileType = sourcecode.c.objc; path = SDWritingToolbar.m; sourceTree = "<group>"; };
		3B698D831FC32494002F52E5 /* SDWritingToolbar.xib */ = {isa = PBXFileReference; lastKnownFileType = file.xib; path = SDWritingToolbar.xib; sourceTree = "<group>"; };
		3B76FBFD1FC666D400D0AA4B /* LeanCloudAbout.md */ = {isa = PBXFileReference; lastKnownFileType = net.daringfireball.markdown; path = LeanCloudAbout.md; sourceTree = "<group>"; };
		3B76FC031FC6686000D0AA4B /* SDUserTests.m */ = {isa = PBXFileReference; lastKnownFileType = sourcecode.c.objc; path = SDUserTests.m; sourceTree = "<group>"; };
		3B76FC051FC6686C00D0AA4B /* SDEventItemTests.m */ = {isa = PBXFileReference; lastKnownFileType = sourcecode.c.objc; path = SDEventItemTests.m; sourceTree = "<group>"; };
		3B76FC081FC668E400D0AA4B /* TodayPrefixHeader.pch */ = {isa = PBXFileReference; lastKnownFileType = sourcecode.c.h; path = TodayPrefixHeader.pch; sourceTree = "<group>"; };
		3BC0694D1FC5CA4200B63359 /* TodayTests.xctest */ = {isa = PBXFileReference; explicitFileType = wrapper.cfbundle; includeInIndex = 0; path = TodayTests.xctest; sourceTree = BUILT_PRODUCTS_DIR; };
		3BC0694F1FC5CA4200B63359 /* TodayTests.m */ = {isa = PBXFileReference; lastKnownFileType = sourcecode.c.objc; path = TodayTests.m; sourceTree = "<group>"; };
		3BC069511FC5CA4200B63359 /* Info.plist */ = {isa = PBXFileReference; lastKnownFileType = text.plist.xml; path = Info.plist; sourceTree = "<group>"; };
		3BC0695B1FC5CA5C00B63359 /* TodayUITests.xctest */ = {isa = PBXFileReference; explicitFileType = wrapper.cfbundle; includeInIndex = 0; path = TodayUITests.xctest; sourceTree = BUILT_PRODUCTS_DIR; };
		3BC0695D1FC5CA5C00B63359 /* TodayUITests.m */ = {isa = PBXFileReference; lastKnownFileType = sourcecode.c.objc; path = TodayUITests.m; sourceTree = "<group>"; };
		3BC0695F1FC5CA5C00B63359 /* Info.plist */ = {isa = PBXFileReference; lastKnownFileType = text.plist.xml; path = Info.plist; sourceTree = "<group>"; };
		3BC2331B1FBAEDB800FF0A1D /* HomeItemTableViewCell.h */ = {isa = PBXFileReference; lastKnownFileType = sourcecode.c.h; path = HomeItemTableViewCell.h; sourceTree = "<group>"; };
		3BC2331C1FBAEDB800FF0A1D /* HomeItemTableViewCell.m */ = {isa = PBXFileReference; lastKnownFileType = sourcecode.c.objc; path = HomeItemTableViewCell.m; sourceTree = "<group>"; };
		3BC2331D1FBAEDB800FF0A1D /* HomeItemTableViewCell.xib */ = {isa = PBXFileReference; lastKnownFileType = file.xib; path = HomeItemTableViewCell.xib; sourceTree = "<group>"; };
		3BC233211FBAFC6000FF0A1D /* SDLocationService.h */ = {isa = PBXFileReference; lastKnownFileType = sourcecode.c.h; path = SDLocationService.h; sourceTree = "<group>"; };
		3BC233221FBAFC6000FF0A1D /* SDLocationService.m */ = {isa = PBXFileReference; lastKnownFileType = sourcecode.c.objc; path = SDLocationService.m; sourceTree = "<group>"; };
		3BC4D5BF1FC1CFA9003E1777 /* SDAdView.h */ = {isa = PBXFileReference; lastKnownFileType = sourcecode.c.h; path = SDAdView.h; sourceTree = "<group>"; };
		3BC4D5C01FC1CFA9003E1777 /* SDAdView.m */ = {isa = PBXFileReference; lastKnownFileType = sourcecode.c.objc; path = SDAdView.m; sourceTree = "<group>"; };
		3BD058031E5BE1CB00C891E4 /* Today.app */ = {isa = PBXFileReference; explicitFileType = wrapper.application; includeInIndex = 0; path = Today.app; sourceTree = BUILT_PRODUCTS_DIR; };
		3BD058071E5BE1CB00C891E4 /* main.m */ = {isa = PBXFileReference; lastKnownFileType = sourcecode.c.objc; path = main.m; sourceTree = "<group>"; };
		3BD058091E5BE1CB00C891E4 /* AppDelegate.h */ = {isa = PBXFileReference; lastKnownFileType = sourcecode.c.h; path = AppDelegate.h; sourceTree = "<group>"; };
		3BD0580A1E5BE1CB00C891E4 /* AppDelegate.m */ = {isa = PBXFileReference; lastKnownFileType = sourcecode.c.objc; path = AppDelegate.m; sourceTree = "<group>"; };
		3BD058121E5BE1CB00C891E4 /* Assets.xcassets */ = {isa = PBXFileReference; lastKnownFileType = folder.assetcatalog; path = Assets.xcassets; sourceTree = "<group>"; };
		3BD058151E5BE1CB00C891E4 /* Base */ = {isa = PBXFileReference; lastKnownFileType = file.storyboard; name = Base; path = Base.lproj/LaunchScreen.storyboard; sourceTree = "<group>"; };
		3BD058171E5BE1CB00C891E4 /* Info.plist */ = {isa = PBXFileReference; lastKnownFileType = text.plist.xml; path = Info.plist; sourceTree = "<group>"; };
		3BD058201E5BE3A800C891E4 /* Account.h */ = {isa = PBXFileReference; fileEncoding = 4; lastKnownFileType = sourcecode.c.h; path = Account.h; sourceTree = "<group>"; };
		3BD058211E5BE3A800C891E4 /* Account.m */ = {isa = PBXFileReference; fileEncoding = 4; lastKnownFileType = sourcecode.c.objc; path = Account.m; sourceTree = "<group>"; };
		3BD058231E5BE46400C891E4 /* AccountConfiguration.h */ = {isa = PBXFileReference; fileEncoding = 4; lastKnownFileType = sourcecode.c.h; path = AccountConfiguration.h; sourceTree = "<group>"; };
		3BD058241E5BE46400C891E4 /* AccountConfiguration.m */ = {isa = PBXFileReference; fileEncoding = 4; lastKnownFileType = sourcecode.c.objc; path = AccountConfiguration.m; sourceTree = "<group>"; };
		3BD058271E5BE52F00C891E4 /* AccountService.h */ = {isa = PBXFileReference; fileEncoding = 4; lastKnownFileType = sourcecode.c.h; path = AccountService.h; sourceTree = "<group>"; };
		3BD058281E5BE52F00C891E4 /* AccountService.m */ = {isa = PBXFileReference; fileEncoding = 4; lastKnownFileType = sourcecode.c.objc; path = AccountService.m; sourceTree = "<group>"; };
		3BD0582C1E5BE84B00C891E4 /* LeanCloud.h */ = {isa = PBXFileReference; fileEncoding = 4; lastKnownFileType = sourcecode.c.h; path = LeanCloud.h; sourceTree = "<group>"; };
		3BD0582D1E5BE84B00C891E4 /* LeanCloud.m */ = {isa = PBXFileReference; fileEncoding = 4; lastKnownFileType = sourcecode.c.objc; path = LeanCloud.m; sourceTree = "<group>"; };
		3BD058301E5BF88600C891E4 /* SDEventItem.h */ = {isa = PBXFileReference; fileEncoding = 4; lastKnownFileType = sourcecode.c.h; path = SDEventItem.h; sourceTree = "<group>"; };
		3BD058311E5BF88600C891E4 /* SDEventItem.m */ = {isa = PBXFileReference; fileEncoding = 4; lastKnownFileType = sourcecode.c.objc; path = SDEventItem.m; sourceTree = "<group>"; };
		3BD058331E5BF9FB00C891E4 /* EventsRepeatPolicy.h */ = {isa = PBXFileReference; fileEncoding = 4; lastKnownFileType = sourcecode.c.h; path = EventsRepeatPolicy.h; sourceTree = "<group>"; };
		3BD058341E5BF9FB00C891E4 /* EventsRepeatPolicy.m */ = {isa = PBXFileReference; fileEncoding = 4; lastKnownFileType = sourcecode.c.objc; path = EventsRepeatPolicy.m; sourceTree = "<group>"; };
		3BD058381E5C24D600C891E4 /* TodayConstant.h */ = {isa = PBXFileReference; fileEncoding = 4; lastKnownFileType = sourcecode.c.h; path = TodayConstant.h; sourceTree = "<group>"; };
		3BD0583B1E5C31E200C891E4 /* NSDate+events.h */ = {isa = PBXFileReference; fileEncoding = 4; lastKnownFileType = sourcecode.c.h; path = "NSDate+events.h"; sourceTree = "<group>"; };
		3BD0583C1E5C31E200C891E4 /* NSDate+events.m */ = {isa = PBXFileReference; fileEncoding = 4; lastKnownFileType = sourcecode.c.objc; path = "NSDate+events.m"; sourceTree = "<group>"; };
		3BD0583E1E5C45A800C891E4 /* github.jpeg */ = {isa = PBXFileReference; lastKnownFileType = image.jpeg; path = github.jpeg; sourceTree = "<group>"; };
		3BDD7EC61FC6B2710065747A /* SDEventDetailViewController.h */ = {isa = PBXFileReference; lastKnownFileType = sourcecode.c.h; path = SDEventDetailViewController.h; sourceTree = "<group>"; };
		3BDD7EC71FC6B2710065747A /* SDEventDetailViewController.m */ = {isa = PBXFileReference; lastKnownFileType = sourcecode.c.objc; path = SDEventDetailViewController.m; sourceTree = "<group>"; };
		3BDD7ED91FC6D4820065747A /* SDPersonalViewController.h */ = {isa = PBXFileReference; lastKnownFileType = sourcecode.c.h; path = SDPersonalViewController.h; sourceTree = "<group>"; };
		3BDD7EDA1FC6D4820065747A /* SDPersonalViewController.m */ = {isa = PBXFileReference; lastKnownFileType = sourcecode.c.objc; path = SDPersonalViewController.m; sourceTree = "<group>"; };
		3BDD7EDD1FC6D4E20065747A /* DXBaseTableComponent.h */ = {isa = PBXFileReference; fileEncoding = 4; lastKnownFileType = sourcecode.c.h; path = DXBaseTableComponent.h; sourceTree = "<group>"; };
		3BDD7EDE1FC6D4E20065747A /* DXBaseTableComponent.m */ = {isa = PBXFileReference; fileEncoding = 4; lastKnownFileType = sourcecode.c.objc; path = DXBaseTableComponent.m; sourceTree = "<group>"; };
		3BDD7EDF1FC6D4E20065747A /* DXCollectionComponent.h */ = {isa = PBXFileReference; fileEncoding = 4; lastKnownFileType = sourcecode.c.h; path = DXCollectionComponent.h; sourceTree = "<group>"; };
		3BDD7EE01FC6D4E20065747A /* DXCollectionComponent.m */ = {isa = PBXFileReference; fileEncoding = 4; lastKnownFileType = sourcecode.c.objc; path = DXCollectionComponent.m; sourceTree = "<group>"; };
		3BDD7EE11FC6D4E20065747A /* DXTableComponent.h */ = {isa = PBXFileReference; fileEncoding = 4; lastKnownFileType = sourcecode.c.h; path = DXTableComponent.h; sourceTree = "<group>"; };
		3BDD7EE21FC6D4E20065747A /* DXTableComponentViewController.h */ = {isa = PBXFileReference; fileEncoding = 4; lastKnownFileType = sourcecode.c.h; path = DXTableComponentViewController.h; sourceTree = "<group>"; };
		3BDD7EE31FC6D4E20065747A /* DXTableComponentViewController.m */ = {isa = PBXFileReference; fileEncoding = 4; lastKnownFileType = sourcecode.c.objc; path = DXTableComponentViewController.m; sourceTree = "<group>"; };
		3BDD7EE71FC6D7B30065747A /* SDPersonalComponent.h */ = {isa = PBXFileReference; lastKnownFileType = sourcecode.c.h; path = SDPersonalComponent.h; sourceTree = "<group>"; };
		3BDD7EE81FC6D7B30065747A /* SDPersonalComponent.m */ = {isa = PBXFileReference; lastKnownFileType = sourcecode.c.objc; path = SDPersonalComponent.m; sourceTree = "<group>"; };
		3BDD7EEA1FC6DA480065747A /* SDHomeComponent.h */ = {isa = PBXFileReference; lastKnownFileType = sourcecode.c.h; path = SDHomeComponent.h; sourceTree = "<group>"; };
		3BDD7EEB1FC6DA480065747A /* SDHomeComponent.m */ = {isa = PBXFileReference; lastKnownFileType = sourcecode.c.objc; path = SDHomeComponent.m; sourceTree = "<group>"; };
		3BF1C4F61E640CDC00223E49 /* AddEventsViewController.h */ = {isa = PBXFileReference; fileEncoding = 4; lastKnownFileType = sourcecode.c.h; path = AddEventsViewController.h; sourceTree = "<group>"; };
		3BF1C4F71E640CDC00223E49 /* AddEventsViewController.m */ = {isa = PBXFileReference; fileEncoding = 4; lastKnownFileType = sourcecode.c.objc; path = AddEventsViewController.m; sourceTree = "<group>"; };
		3BF1C4FE1E640F6F00223E49 /* NotificationCenter.framework */ = {isa = PBXFileReference; lastKnownFileType = wrapper.framework; name = NotificationCenter.framework; path = System/Library/Frameworks/NotificationCenter.framework; sourceTree = SDKROOT; };
		3BF1C50F1E6410E300223E49 /* EventsManager.h */ = {isa = PBXFileReference; fileEncoding = 4; lastKnownFileType = sourcecode.c.h; path = EventsManager.h; sourceTree = "<group>"; };
		3BF1C5101E6410E300223E49 /* EventsManager.m */ = {isa = PBXFileReference; fileEncoding = 4; lastKnownFileType = sourcecode.c.objc; path = EventsManager.m; sourceTree = "<group>"; };
		3BF1C5121E642DC900223E49 /* EventGroupManager.h */ = {isa = PBXFileReference; fileEncoding = 4; lastKnownFileType = sourcecode.c.h; path = EventGroupManager.h; sourceTree = "<group>"; };
		3BF1C5131E642DC900223E49 /* EventGroupManager.m */ = {isa = PBXFileReference; fileEncoding = 4; lastKnownFileType = sourcecode.c.objc; path = EventGroupManager.m; sourceTree = "<group>"; };
		3BF1C5161E64353100223E49 /* APNDispatcher.h */ = {isa = PBXFileReference; fileEncoding = 4; lastKnownFileType = sourcecode.c.h; path = APNDispatcher.h; sourceTree = "<group>"; };
		3BF1C5171E64353100223E49 /* APNDispatcher.m */ = {isa = PBXFileReference; fileEncoding = 4; lastKnownFileType = sourcecode.c.objc; path = APNDispatcher.m; sourceTree = "<group>"; };
		3BF7440E1FBD293900280885 /* SDToast.h */ = {isa = PBXFileReference; lastKnownFileType = sourcecode.c.h; path = SDToast.h; sourceTree = "<group>"; };
		3BF7440F1FBD293900280885 /* SDToast.m */ = {isa = PBXFileReference; lastKnownFileType = sourcecode.c.objc; path = SDToast.m; sourceTree = "<group>"; };
		3BF744111FBD2FB000280885 /* UIColor+SDColor.h */ = {isa = PBXFileReference; lastKnownFileType = sourcecode.c.h; path = "UIColor+SDColor.h"; sourceTree = "<group>"; };
		3BF744121FBD2FB000280885 /* UIColor+SDColor.m */ = {isa = PBXFileReference; lastKnownFileType = sourcecode.c.objc; path = "UIColor+SDColor.m"; sourceTree = "<group>"; };
		812331B116A99535B32E8EEB /* Pods-Today.debug.xcconfig */ = {isa = PBXFileReference; includeInIndex = 1; lastKnownFileType = text.xcconfig; name = "Pods-Today.debug.xcconfig"; path = "Pods/Target Support Files/Pods-Today/Pods-Today.debug.xcconfig"; sourceTree = "<group>"; };
		83343DCFB3AE0ACA4B01FB87 /* libPods-TodayUITests.a */ = {isa = PBXFileReference; explicitFileType = archive.ar; includeInIndex = 0; path = "libPods-TodayUITests.a"; sourceTree = BUILT_PRODUCTS_DIR; };
		9E8A59E4E35D40FD3C84CC78 /* Pods-TodayUITests.release.xcconfig */ = {isa = PBXFileReference; includeInIndex = 1; lastKnownFileType = text.xcconfig; name = "Pods-TodayUITests.release.xcconfig"; path = "Pods/Target Support Files/Pods-TodayUITests/Pods-TodayUITests.release.xcconfig"; sourceTree = "<group>"; };
		B64161A7561B46A36B4ED100 /* Pods-TodayTests.release.xcconfig */ = {isa = PBXFileReference; includeInIndex = 1; lastKnownFileType = text.xcconfig; name = "Pods-TodayTests.release.xcconfig"; path = "Pods/Target Support Files/Pods-TodayTests/Pods-TodayTests.release.xcconfig"; sourceTree = "<group>"; };
		D9D45C280860469ADBB741C9 /* Pods-Today.release.xcconfig */ = {isa = PBXFileReference; includeInIndex = 1; lastKnownFileType = text.xcconfig; name = "Pods-Today.release.xcconfig"; path = "Pods/Target Support Files/Pods-Today/Pods-Today.release.xcconfig"; sourceTree = "<group>"; };
/* End PBXFileReference section */

/* Begin PBXFrameworksBuildPhase section */
		3BC0694A1FC5CA4200B63359 /* Frameworks */ = {
			isa = PBXFrameworksBuildPhase;
			buildActionMask = 2147483647;
			files = (
				AEE92CB603FE4B88C16D9968 /* libPods-TodayTests.a in Frameworks */,
			);
			runOnlyForDeploymentPostprocessing = 0;
		};
		3BC069581FC5CA5C00B63359 /* Frameworks */ = {
			isa = PBXFrameworksBuildPhase;
			buildActionMask = 2147483647;
			files = (
				532CEE267706C971A864DB62 /* libPods-TodayUITests.a in Frameworks */,
			);
			runOnlyForDeploymentPostprocessing = 0;
		};
		3BD058001E5BE1CB00C891E4 /* Frameworks */ = {
			isa = PBXFrameworksBuildPhase;
			buildActionMask = 2147483647;
			files = (
				12AA4565FD6D887C315063EC /* libPods-Today.a in Frameworks */,
			);
			runOnlyForDeploymentPostprocessing = 0;
		};
/* End PBXFrameworksBuildPhase section */

/* Begin PBXGroup section */
		3B0F890B1FB5689A00DB8014 /* Business */ = {
			isa = PBXGroup;
			children = (
				3BC069651FC5CE8300B63359 /* Personal */,
				3B0F890C1FB568D600DB8014 /* Home */,
				3B0F89111FB568D600DB8014 /* Writing */,
			);
			path = Business;
			sourceTree = "<group>";
		};
		3B0F890C1FB568D600DB8014 /* Home */ = {
			isa = PBXGroup;
			children = (
				3B0F890D1FB568D600DB8014 /* Model */,
				3B0F890E1FB568D600DB8014 /* UIControl */,
				3B0F890F1FB568D600DB8014 /* ViewController */,
				3B0F89101FB568D600DB8014 /* ViewModel */,
			);
			path = Home;
			sourceTree = "<group>";
		};
		3B0F890D1FB568D600DB8014 /* Model */ = {
			isa = PBXGroup;
			children = (
				3B415EA81FBC025A0079B9AB /* SDEventLayout.h */,
				3B415EA91FBC025A0079B9AB /* SDEventLayout.m */,
			);
			path = Model;
			sourceTree = "<group>";
		};
		3B0F890E1FB568D600DB8014 /* UIControl */ = {
			isa = PBXGroup;
			children = (
				3BC2331B1FBAEDB800FF0A1D /* HomeItemTableViewCell.h */,
				3BC2331C1FBAEDB800FF0A1D /* HomeItemTableViewCell.m */,
				3BC2331D1FBAEDB800FF0A1D /* HomeItemTableViewCell.xib */,
			);
			path = UIControl;
			sourceTree = "<group>";
		};
		3B0F890F1FB568D600DB8014 /* ViewController */ = {
			isa = PBXGroup;
			children = (
				3B0F89161FB568EF00DB8014 /* SDHomeViewController.h */,
				3B0F89171FB568EF00DB8014 /* SDHomeViewController.m */,
				3BDD7EEA1FC6DA480065747A /* SDHomeComponent.h */,
				3BDD7EEB1FC6DA480065747A /* SDHomeComponent.m */,
				3BDD7EC61FC6B2710065747A /* SDEventDetailViewController.h */,
				3BDD7EC71FC6B2710065747A /* SDEventDetailViewController.m */,
			);
			path = ViewController;
			sourceTree = "<group>";
		};
		3B0F89101FB568D600DB8014 /* ViewModel */ = {
			isa = PBXGroup;
			children = (
			);
			path = ViewModel;
			sourceTree = "<group>";
		};
		3B0F89111FB568D600DB8014 /* Writing */ = {
			isa = PBXGroup;
			children = (
				3B0F89121FB568D600DB8014 /* Model */,
				3B0F89131FB568D600DB8014 /* UIControl */,
				3B0F89141FB568D600DB8014 /* ViewController */,
				3B0F89151FB568D600DB8014 /* ViewModel */,
			);
			path = Writing;
			sourceTree = "<group>";
		};
		3B0F89121FB568D600DB8014 /* Model */ = {
			isa = PBXGroup;
			children = (
			);
			path = Model;
			sourceTree = "<group>";
		};
		3B0F89131FB568D600DB8014 /* UIControl */ = {
			isa = PBXGroup;
			children = (
			);
			path = UIControl;
			sourceTree = "<group>";
		};
		3B0F89141FB568D600DB8014 /* ViewController */ = {
			isa = PBXGroup;
			children = (
				3B0F891D1FB56AEA00DB8014 /* SDWritingViewController.h */,
				3B0F891E1FB56AEA00DB8014 /* SDWritingViewController.m */,
			);
			path = ViewController;
			sourceTree = "<group>";
		};
		3B0F89151FB568D600DB8014 /* ViewModel */ = {
			isa = PBXGroup;
			children = (
			);
			path = ViewModel;
			sourceTree = "<group>";
		};
		3B0F89191FB56AB600DB8014 /* Base */ = {
			isa = PBXGroup;
			children = (
				3B3654E31FBDDAED009B9937 /* BaseTableView.h */,
				3B3654E41FBDDAED009B9937 /* BaseTableView.m */,
				3B3654E11FBDDAED009B9937 /* SDRootViewController.h */,
				3B3654E21FBDDAED009B9937 /* SDRootViewController.m */,
				3B0F891A1FB56AC300DB8014 /* SDBaseViewController.h */,
				3B0F891B1FB56AC300DB8014 /* SDBaseViewController.m */,
			);
			path = Base;
			sourceTree = "<group>";
		};
		3B698D7F1FC322F3002F52E5 /* WritingToolBar */ = {
			isa = PBXGroup;
			children = (
				3B698D801FC32322002F52E5 /* SDWritingToolbar.h */,
				3B698D811FC32322002F52E5 /* SDWritingToolbar.m */,
				3B698D831FC32494002F52E5 /* SDWritingToolbar.xib */,
			);
			path = WritingToolBar;
			sourceTree = "<group>";
		};
		3BC0694E1FC5CA4200B63359 /* TodayTests */ = {
			isa = PBXGroup;
			children = (
				3BC0694F1FC5CA4200B63359 /* TodayTests.m */,
				3B76FC031FC6686000D0AA4B /* SDUserTests.m */,
				3B76FC051FC6686C00D0AA4B /* SDEventItemTests.m */,
				3BC069511FC5CA4200B63359 /* Info.plist */,
			);
			path = TodayTests;
			sourceTree = "<group>";
		};
		3BC0695C1FC5CA5C00B63359 /* TodayUITests */ = {
			isa = PBXGroup;
			children = (
				3BC0695D1FC5CA5C00B63359 /* TodayUITests.m */,
				3BC0695F1FC5CA5C00B63359 /* Info.plist */,
			);
			path = TodayUITests;
			sourceTree = "<group>";
		};
		3BC069651FC5CE8300B63359 /* Personal */ = {
			isa = PBXGroup;
			children = (
				3BDD7ED81FC6D4690065747A /* ViewController */,
			);
			path = Personal;
			sourceTree = "<group>";
		};
		3BC233201FBAF42200FF0A1D /* Location */ = {
			isa = PBXGroup;
			children = (
				3BC233211FBAFC6000FF0A1D /* SDLocationService.h */,
				3BC233221FBAFC6000FF0A1D /* SDLocationService.m */,
			);
			path = Location;
			sourceTree = "<group>";
		};
		3BC4D5BE1FC1CF74003E1777 /* Ad */ = {
			isa = PBXGroup;
			children = (
				3BC4D5BF1FC1CFA9003E1777 /* SDAdView.h */,
				3BC4D5C01FC1CFA9003E1777 /* SDAdView.m */,
			);
			path = Ad;
			sourceTree = "<group>";
		};
		3BD057FA1E5BE1CB00C891E4 = {
			isa = PBXGroup;
			children = (
				3BC0694E1FC5CA4200B63359 /* TodayTests */,
				3BC0695C1FC5CA5C00B63359 /* TodayUITests */,
				E6FA4BCAFDE0591BE9C8677B /* Frameworks */,
				3BD058041E5BE1CB00C891E4 /* Products */,
				3BD058051E5BE1CB00C891E4 /* Today */,
				52DC73C12DB1538E00F37375 /* Pods */,
			);
			sourceTree = "<group>";
		};
		3BD058041E5BE1CB00C891E4 /* Products */ = {
			isa = PBXGroup;
			children = (
				3BD058031E5BE1CB00C891E4 /* Today.app */,
				3BC0694D1FC5CA4200B63359 /* TodayTests.xctest */,
				3BC0695B1FC5CA5C00B63359 /* TodayUITests.xctest */,
			);
			name = Products;
			sourceTree = "<group>";
		};
		3BD058051E5BE1CB00C891E4 /* Today */ = {
			isa = PBXGroup;
			children = (
				3B0F89191FB56AB600DB8014 /* Base */,
				3B0F890B1FB5689A00DB8014 /* Business */,
				3BD0581E1E5BE37800C891E4 /* Components */,
				3BD058391E5C31C000C891E4 /* Foundation */,
				3BD0581D1E5BE37200C891E4 /* Pages */,
				3BD058061E5BE1CB00C891E4 /* Supporting Files */,
				3BD058091E5BE1CB00C891E4 /* AppDelegate.h */,
				3BD0580A1E5BE1CB00C891E4 /* AppDelegate.m */,
			);
			path = Today;
			sourceTree = "<group>";
		};
		3BD058061E5BE1CB00C891E4 /* Supporting Files */ = {
			isa = PBXGroup;
			children = (
				3BD058121E5BE1CB00C891E4 /* Assets.xcassets */,
				3BD058171E5BE1CB00C891E4 /* Info.plist */,
				3BD058141E5BE1CB00C891E4 /* LaunchScreen.storyboard */,
				3BD0583E1E5C45A800C891E4 /* github.jpeg */,
				3BD058071E5BE1CB00C891E4 /* main.m */,
				3B32E6CC1FBB3E36001FC11B /* README.md */,
				3B76FBFD1FC666D400D0AA4B /* LeanCloudAbout.md */,
				3B76FC081FC668E400D0AA4B /* TodayPrefixHeader.pch */,
			);
			path = "Supporting Files";
			sourceTree = "<group>";
		};
		3BD0581D1E5BE37200C891E4 /* Pages */ = {
			isa = PBXGroup;
			children = (
				3BF1C4F51E640CB900223E49 /* ManageEvents */,
			);
			path = Pages;
			sourceTree = "<group>";
		};
		3BD0581E1E5BE37800C891E4 /* Components */ = {
			isa = PBXGroup;
			children = (
				3BDD7EDC1FC6D4E20065747A /* DXTableComponent */,
				3B698D7F1FC322F3002F52E5 /* WritingToolBar */,
				3BC4D5BE1FC1CF74003E1777 /* Ad */,
				3BF1C5151E6434DD00223E49 /* APNDispatcher */,
				3BD0581F1E5BE39200C891E4 /* Account */,
				3BD0582A1E5BE7DC00C891E4 /* Constant */,
				3BD0582F1E5BF87500C891E4 /* Events */,
				3BD0582B1E5BE83D00C891E4 /* LeanCloud */,
				3B415EAB1FBC0C1B0079B9AB /* SDConvenientFunc.h */,
				3B415EAC1FBC0C1B0079B9AB /* SDConvenientFunc.m */,
				3BF7440E1FBD293900280885 /* SDToast.h */,
				3BF7440F1FBD293900280885 /* SDToast.m */,
			);
			path = Components;
			sourceTree = "<group>";
		};
		3BD0581F1E5BE39200C891E4 /* Account */ = {
			isa = PBXGroup;
			children = (
				3BD058201E5BE3A800C891E4 /* Account.h */,
				3BD058211E5BE3A800C891E4 /* Account.m */,
				3BD058231E5BE46400C891E4 /* AccountConfiguration.h */,
				3BD058241E5BE46400C891E4 /* AccountConfiguration.m */,
				3BD058271E5BE52F00C891E4 /* AccountService.h */,
				3BD058281E5BE52F00C891E4 /* AccountService.m */,
			);
			path = Account;
			sourceTree = "<group>";
		};
		3BD0582A1E5BE7DC00C891E4 /* Constant */ = {
			isa = PBXGroup;
			children = (
				3BD058381E5C24D600C891E4 /* TodayConstant.h */,
			);
			path = Constant;
			sourceTree = "<group>";
		};
		3BD0582B1E5BE83D00C891E4 /* LeanCloud */ = {
			isa = PBXGroup;
			children = (
				3BD0582C1E5BE84B00C891E4 /* LeanCloud.h */,
				3BD0582D1E5BE84B00C891E4 /* LeanCloud.m */,
			);
			path = LeanCloud;
			sourceTree = "<group>";
		};
		3BD0582F1E5BF87500C891E4 /* Events */ = {
			isa = PBXGroup;
			children = (
				3BF1C5121E642DC900223E49 /* EventGroupManager.h */,
				3BF1C5131E642DC900223E49 /* EventGroupManager.m */,
				3BF1C50F1E6410E300223E49 /* EventsManager.h */,
				3BF1C5101E6410E300223E49 /* EventsManager.m */,
				3BD058331E5BF9FB00C891E4 /* EventsRepeatPolicy.h */,
				3BD058341E5BF9FB00C891E4 /* EventsRepeatPolicy.m */,
				3BD058301E5BF88600C891E4 /* SDEventItem.h */,
				3BD058311E5BF88600C891E4 /* SDEventItem.m */,
			);
			path = Events;
			sourceTree = "<group>";
		};
		3BD058391E5C31C000C891E4 /* Foundation */ = {
			isa = PBXGroup;
			children = (
				3BC233201FBAF42200FF0A1D /* Location */,
				3BD0583A1E5C31C800C891E4 /* Category */,
			);
			path = Foundation;
			sourceTree = "<group>";
		};
		3BD0583A1E5C31C800C891E4 /* Category */ = {
			isa = PBXGroup;
			children = (
				3BD0583B1E5C31E200C891E4 /* NSDate+events.h */,
				3BD0583C1E5C31E200C891E4 /* NSDate+events.m */,
				3B415EA51FBBEFE00079B9AB /* UIImageView+SDImageManagerHelper.h */,
				3B415EA61FBBEFE00079B9AB /* UIImageView+SDImageManagerHelper.m */,
				3BF744111FBD2FB000280885 /* UIColor+SDColor.h */,
				3BF744121FBD2FB000280885 /* UIColor+SDColor.m */,
			);
			path = Category;
			sourceTree = "<group>";
		};
		3BDD7ED81FC6D4690065747A /* ViewController */ = {
			isa = PBXGroup;
			children = (
				3BDD7ED91FC6D4820065747A /* SDPersonalViewController.h */,
				3BDD7EDA1FC6D4820065747A /* SDPersonalViewController.m */,
				3BDD7EE71FC6D7B30065747A /* SDPersonalComponent.h */,
				3BDD7EE81FC6D7B30065747A /* SDPersonalComponent.m */,
			);
			path = ViewController;
			sourceTree = "<group>";
		};
		3BDD7EDC1FC6D4E20065747A /* DXTableComponent */ = {
			isa = PBXGroup;
			children = (
				3BDD7EDD1FC6D4E20065747A /* DXBaseTableComponent.h */,
				3BDD7EDE1FC6D4E20065747A /* DXBaseTableComponent.m */,
				3BDD7EDF1FC6D4E20065747A /* DXCollectionComponent.h */,
				3BDD7EE01FC6D4E20065747A /* DXCollectionComponent.m */,
				3BDD7EE11FC6D4E20065747A /* DXTableComponent.h */,
				3BDD7EE21FC6D4E20065747A /* DXTableComponentViewController.h */,
				3BDD7EE31FC6D4E20065747A /* DXTableComponentViewController.m */,
			);
			path = DXTableComponent;
			sourceTree = "<group>";
		};
		3BF1C4F51E640CB900223E49 /* ManageEvents */ = {
			isa = PBXGroup;
			children = (
				3BF1C4F61E640CDC00223E49 /* AddEventsViewController.h */,
				3BF1C4F71E640CDC00223E49 /* AddEventsViewController.m */,
			);
			path = ManageEvents;
			sourceTree = "<group>";
		};
		3BF1C5151E6434DD00223E49 /* APNDispatcher */ = {
			isa = PBXGroup;
			children = (
				3BF1C5161E64353100223E49 /* APNDispatcher.h */,
				3BF1C5171E64353100223E49 /* APNDispatcher.m */,
			);
			path = APNDispatcher;
			sourceTree = "<group>";
		};
		52DC73C12DB1538E00F37375 /* Pods */ = {
			isa = PBXGroup;
			children = (
				812331B116A99535B32E8EEB /* Pods-Today.debug.xcconfig */,
				D9D45C280860469ADBB741C9 /* Pods-Today.release.xcconfig */,
				2DED8E94496A87C013379E49 /* Pods-TodayTests.debug.xcconfig */,
				B64161A7561B46A36B4ED100 /* Pods-TodayTests.release.xcconfig */,
				06BCDD6D0FFBE5CF0423264B /* Pods-TodayUITests.debug.xcconfig */,
				9E8A59E4E35D40FD3C84CC78 /* Pods-TodayUITests.release.xcconfig */,
			);
			name = Pods;
			sourceTree = "<group>";
		};
		E6FA4BCAFDE0591BE9C8677B /* Frameworks */ = {
			isa = PBXGroup;
			children = (
				3BF1C4FE1E640F6F00223E49 /* NotificationCenter.framework */,
				1EC56497DC2B8986631167E8 /* libPods-Today.a */,
				30B2464407631797E1693F83 /* libPods-TodayTests.a */,
				83343DCFB3AE0ACA4B01FB87 /* libPods-TodayUITests.a */,
			);
			name = Frameworks;
			sourceTree = "<group>";
		};
/* End PBXGroup section */

/* Begin PBXNativeTarget section */
		3BC0694C1FC5CA4200B63359 /* TodayTests */ = {
			isa = PBXNativeTarget;
			buildConfigurationList = 3BC069541FC5CA4200B63359 /* Build configuration list for PBXNativeTarget "TodayTests" */;
			buildPhases = (
				FB5DC4E4E27C437CE4D4B506 /* [CP] Check Pods Manifest.lock */,
				3BC069491FC5CA4200B63359 /* Sources */,
				3BC0694A1FC5CA4200B63359 /* Frameworks */,
				3BC0694B1FC5CA4200B63359 /* Resources */,
				CA2FBA3BA6A9D086373FE766 /* [CP] Embed Pods Frameworks */,
				5FB364D90BD7448E4EE1F7F6 /* [CP] Copy Pods Resources */,
			);
			buildRules = (
			);
			dependencies = (
				3BC069531FC5CA4200B63359 /* PBXTargetDependency */,
			);
			name = TodayTests;
			productName = TodayTests;
			productReference = 3BC0694D1FC5CA4200B63359 /* TodayTests.xctest */;
			productType = "com.apple.product-type.bundle.unit-test";
		};
		3BC0695A1FC5CA5C00B63359 /* TodayUITests */ = {
			isa = PBXNativeTarget;
			buildConfigurationList = 3BC069621FC5CA5C00B63359 /* Build configuration list for PBXNativeTarget "TodayUITests" */;
			buildPhases = (
				BB276973F8B99C3D78764008 /* [CP] Check Pods Manifest.lock */,
				3BC069571FC5CA5C00B63359 /* Sources */,
				3BC069581FC5CA5C00B63359 /* Frameworks */,
				3BC069591FC5CA5C00B63359 /* Resources */,
				3F5A9F01673927B4C301FDA8 /* [CP] Embed Pods Frameworks */,
				2EDACD8FBDB8803283383D8C /* [CP] Copy Pods Resources */,
			);
			buildRules = (
			);
			dependencies = (
				3BC069611FC5CA5C00B63359 /* PBXTargetDependency */,
			);
			name = TodayUITests;
			productName = TodayUITests;
			productReference = 3BC0695B1FC5CA5C00B63359 /* TodayUITests.xctest */;
			productType = "com.apple.product-type.bundle.ui-testing";
		};
		3BD058021E5BE1CB00C891E4 /* Today */ = {
			isa = PBXNativeTarget;
			buildConfigurationList = 3BD0581A1E5BE1CB00C891E4 /* Build configuration list for PBXNativeTarget "Today" */;
			buildPhases = (
				332314D885563BBECB8D2EF1 /* [CP] Check Pods Manifest.lock */,
				3BD057FF1E5BE1CB00C891E4 /* Sources */,
				3BD058001E5BE1CB00C891E4 /* Frameworks */,
				3BD058011E5BE1CB00C891E4 /* Resources */,
				3BF1C50E1E640F6F00223E49 /* Embed App Extensions */,
				E5016815F8B2B1128ABC9D43 /* [CP] Embed Pods Frameworks */,
				DC8E2F10494E7E1217DA4770 /* [CP] Copy Pods Resources */,
			);
			buildRules = (
			);
			dependencies = (
			);
			name = Today;
			productName = Today;
			productReference = 3BD058031E5BE1CB00C891E4 /* Today.app */;
			productType = "com.apple.product-type.application";
		};
/* End PBXNativeTarget section */

/* Begin PBXProject section */
		3BD057FB1E5BE1CB00C891E4 /* Project object */ = {
			isa = PBXProject;
			attributes = {
				CLASSPREFIX = SD;
				LastUpgradeCheck = 0910;
				ORGANIZATIONNAME = shendong;
				TargetAttributes = {
					3BC0694C1FC5CA4200B63359 = {
						CreatedOnToolsVersion = 9.0;
						DevelopmentTeam = S8238R3HUC;
						ProvisioningStyle = Automatic;
						TestTargetID = 3BD058021E5BE1CB00C891E4;
					};
					3BC0695A1FC5CA5C00B63359 = {
						CreatedOnToolsVersion = 9.0;
						DevelopmentTeam = S8238R3HUC;
						ProvisioningStyle = Automatic;
						TestTargetID = 3BD058021E5BE1CB00C891E4;
					};
					3BD058021E5BE1CB00C891E4 = {
						CreatedOnToolsVersion = 8.2;
						DevelopmentTeam = S8238R3HUC;
						ProvisioningStyle = Automatic;
					};
				};
			};
			buildConfigurationList = 3BD057FE1E5BE1CB00C891E4 /* Build configuration list for PBXProject "Today" */;
			compatibilityVersion = "Xcode 3.2";
			developmentRegion = English;
			hasScannedForEncodings = 0;
			knownRegions = (
				en,
				Base,
			);
			mainGroup = 3BD057FA1E5BE1CB00C891E4;
			productRefGroup = 3BD058041E5BE1CB00C891E4 /* Products */;
			projectDirPath = "";
			projectRoot = "";
			targets = (
				3BD058021E5BE1CB00C891E4 /* Today */,
				3BC0694C1FC5CA4200B63359 /* TodayTests */,
				3BC0695A1FC5CA5C00B63359 /* TodayUITests */,
			);
		};
/* End PBXProject section */

/* Begin PBXResourcesBuildPhase section */
		3BC0694B1FC5CA4200B63359 /* Resources */ = {
			isa = PBXResourcesBuildPhase;
			buildActionMask = 2147483647;
			files = (
			);
			runOnlyForDeploymentPostprocessing = 0;
		};
		3BC069591FC5CA5C00B63359 /* Resources */ = {
			isa = PBXResourcesBuildPhase;
			buildActionMask = 2147483647;
			files = (
			);
			runOnlyForDeploymentPostprocessing = 0;
		};
		3BD058011E5BE1CB00C891E4 /* Resources */ = {
			isa = PBXResourcesBuildPhase;
			buildActionMask = 2147483647;
			files = (
				3B32E6CD1FBB3E36001FC11B /* README.md in Resources */,
				3BC2331F1FBAEDB800FF0A1D /* HomeItemTableViewCell.xib in Resources */,
				3BD058161E5BE1CB00C891E4 /* LaunchScreen.storyboard in Resources */,
				3BD058131E5BE1CB00C891E4 /* Assets.xcassets in Resources */,
				3B698D841FC32494002F52E5 /* SDWritingToolbar.xib in Resources */,
				3B76FBFE1FC666D400D0AA4B /* LeanCloudAbout.md in Resources */,
				3BD0583F1E5C45A800C891E4 /* github.jpeg in Resources */,
			);
			runOnlyForDeploymentPostprocessing = 0;
		};
/* End PBXResourcesBuildPhase section */

/* Begin PBXShellScriptBuildPhase section */
		2EDACD8FBDB8803283383D8C /* [CP] Copy Pods Resources */ = {
			isa = PBXShellScriptBuildPhase;
			buildActionMask = 2147483647;
			files = (
			);
			inputPaths = (
			);
			name = "[CP] Copy Pods Resources";
			outputPaths = (
			);
			runOnlyForDeploymentPostprocessing = 0;
			shellPath = /bin/sh;
			shellScript = "\"${SRCROOT}/Pods/Target Support Files/Pods-TodayUITests/Pods-TodayUITests-resources.sh\"\n";
			showEnvVarsInLog = 0;
		};
		332314D885563BBECB8D2EF1 /* [CP] Check Pods Manifest.lock */ = {
			isa = PBXShellScriptBuildPhase;
			buildActionMask = 2147483647;
			files = (
			);
			inputPaths = (
				"${PODS_PODFILE_DIR_PATH}/Podfile.lock",
				"${PODS_ROOT}/Manifest.lock",
			);
			name = "[CP] Check Pods Manifest.lock";
			outputPaths = (
				"$(DERIVED_FILE_DIR)/Pods-Today-checkManifestLockResult.txt",
			);
			runOnlyForDeploymentPostprocessing = 0;
			shellPath = /bin/sh;
			shellScript = "diff \"${PODS_PODFILE_DIR_PATH}/Podfile.lock\" \"${PODS_ROOT}/Manifest.lock\" > /dev/null\nif [ $? != 0 ] ; then\n    # print error to STDERR\n    echo \"error: The sandbox is not in sync with the Podfile.lock. Run 'pod install' or update your CocoaPods installation.\" >&2\n    exit 1\nfi\n# This output is used by Xcode 'outputs' to avoid re-running this script phase.\necho \"SUCCESS\" > \"${SCRIPT_OUTPUT_FILE_0}\"\n";
			showEnvVarsInLog = 0;
		};
		3F5A9F01673927B4C301FDA8 /* [CP] Embed Pods Frameworks */ = {
			isa = PBXShellScriptBuildPhase;
			buildActionMask = 2147483647;
			files = (
			);
			inputPaths = (
			);
			name = "[CP] Embed Pods Frameworks";
			outputPaths = (
			);
			runOnlyForDeploymentPostprocessing = 0;
			shellPath = /bin/sh;
			shellScript = "\"${SRCROOT}/Pods/Target Support Files/Pods-TodayUITests/Pods-TodayUITests-frameworks.sh\"\n";
			showEnvVarsInLog = 0;
		};
		5FB364D90BD7448E4EE1F7F6 /* [CP] Copy Pods Resources */ = {
			isa = PBXShellScriptBuildPhase;
			buildActionMask = 2147483647;
			files = (
			);
			inputPaths = (
			);
			name = "[CP] Copy Pods Resources";
			outputPaths = (
			);
			runOnlyForDeploymentPostprocessing = 0;
			shellPath = /bin/sh;
			shellScript = "\"${SRCROOT}/Pods/Target Support Files/Pods-TodayTests/Pods-TodayTests-resources.sh\"\n";
			showEnvVarsInLog = 0;
		};
		BB276973F8B99C3D78764008 /* [CP] Check Pods Manifest.lock */ = {
			isa = PBXShellScriptBuildPhase;
			buildActionMask = 2147483647;
			files = (
			);
			inputPaths = (
				"${PODS_PODFILE_DIR_PATH}/Podfile.lock",
				"${PODS_ROOT}/Manifest.lock",
			);
			name = "[CP] Check Pods Manifest.lock";
			outputPaths = (
				"$(DERIVED_FILE_DIR)/Pods-TodayUITests-checkManifestLockResult.txt",
			);
			runOnlyForDeploymentPostprocessing = 0;
			shellPath = /bin/sh;
			shellScript = "diff \"${PODS_PODFILE_DIR_PATH}/Podfile.lock\" \"${PODS_ROOT}/Manifest.lock\" > /dev/null\nif [ $? != 0 ] ; then\n    # print error to STDERR\n    echo \"error: The sandbox is not in sync with the Podfile.lock. Run 'pod install' or update your CocoaPods installation.\" >&2\n    exit 1\nfi\n# This output is used by Xcode 'outputs' to avoid re-running this script phase.\necho \"SUCCESS\" > \"${SCRIPT_OUTPUT_FILE_0}\"\n";
			showEnvVarsInLog = 0;
		};
		CA2FBA3BA6A9D086373FE766 /* [CP] Embed Pods Frameworks */ = {
			isa = PBXShellScriptBuildPhase;
			buildActionMask = 2147483647;
			files = (
			);
			inputPaths = (
			);
			name = "[CP] Embed Pods Frameworks";
			outputPaths = (
			);
			runOnlyForDeploymentPostprocessing = 0;
			shellPath = /bin/sh;
			shellScript = "\"${SRCROOT}/Pods/Target Support Files/Pods-TodayTests/Pods-TodayTests-frameworks.sh\"\n";
			showEnvVarsInLog = 0;
		};
		DC8E2F10494E7E1217DA4770 /* [CP] Copy Pods Resources */ = {
			isa = PBXShellScriptBuildPhase;
			buildActionMask = 2147483647;
			files = (
			);
			inputPaths = (
				"${SRCROOT}/Pods/Target Support Files/Pods-Today/Pods-Today-resources.sh",
				"${PODS_ROOT}/AVOSCloud/AVOS/AVOSCloud/AVOSCloud_Art.inc",
				"${PODS_ROOT}/DateTools/DateTools/DateTools/DateTools.bundle",
				"${PODS_ROOT}/HXWeiboPhotoPicker/微博照片选择/HXWeiboPhotoPicker/HXWeiboPhotoPicker.bundle",
				"${PODS_ROOT}/MJRefresh/MJRefresh/MJRefresh.bundle",
				"${PODS_ROOT}/SVProgressHUD/SVProgressHUD/SVProgressHUD.bundle",
			);
			name = "[CP] Copy Pods Resources";
			outputPaths = (
				"${TARGET_BUILD_DIR}/${UNLOCALIZED_RESOURCES_FOLDER_PATH}",
			);
			runOnlyForDeploymentPostprocessing = 0;
			shellPath = /bin/sh;
			shellScript = "\"${SRCROOT}/Pods/Target Support Files/Pods-Today/Pods-Today-resources.sh\"\n";
			showEnvVarsInLog = 0;
		};
		E5016815F8B2B1128ABC9D43 /* [CP] Embed Pods Frameworks */ = {
			isa = PBXShellScriptBuildPhase;
			buildActionMask = 2147483647;
			files = (
			);
			inputPaths = (
			);
			name = "[CP] Embed Pods Frameworks";
			outputPaths = (
			);
			runOnlyForDeploymentPostprocessing = 0;
			shellPath = /bin/sh;
			shellScript = "\"${SRCROOT}/Pods/Target Support Files/Pods-Today/Pods-Today-frameworks.sh\"\n";
			showEnvVarsInLog = 0;
		};
		FB5DC4E4E27C437CE4D4B506 /* [CP] Check Pods Manifest.lock */ = {
			isa = PBXShellScriptBuildPhase;
			buildActionMask = 2147483647;
			files = (
			);
			inputPaths = (
				"${PODS_PODFILE_DIR_PATH}/Podfile.lock",
				"${PODS_ROOT}/Manifest.lock",
			);
			name = "[CP] Check Pods Manifest.lock";
			outputPaths = (
				"$(DERIVED_FILE_DIR)/Pods-TodayTests-checkManifestLockResult.txt",
			);
			runOnlyForDeploymentPostprocessing = 0;
			shellPath = /bin/sh;
			shellScript = "diff \"${PODS_PODFILE_DIR_PATH}/Podfile.lock\" \"${PODS_ROOT}/Manifest.lock\" > /dev/null\nif [ $? != 0 ] ; then\n    # print error to STDERR\n    echo \"error: The sandbox is not in sync with the Podfile.lock. Run 'pod install' or update your CocoaPods installation.\" >&2\n    exit 1\nfi\n# This output is used by Xcode 'outputs' to avoid re-running this script phase.\necho \"SUCCESS\" > \"${SCRIPT_OUTPUT_FILE_0}\"\n";
			showEnvVarsInLog = 0;
		};
/* End PBXShellScriptBuildPhase section */

/* Begin PBXSourcesBuildPhase section */
		3BC069491FC5CA4200B63359 /* Sources */ = {
			isa = PBXSourcesBuildPhase;
			buildActionMask = 2147483647;
			files = (
				3BC069501FC5CA4200B63359 /* TodayTests.m in Sources */,
				3B76FC061FC6686C00D0AA4B /* SDEventItemTests.m in Sources */,
				3B76FC041FC6686000D0AA4B /* SDUserTests.m in Sources */,
			);
			runOnlyForDeploymentPostprocessing = 0;
		};
		3BC069571FC5CA5C00B63359 /* Sources */ = {
			isa = PBXSourcesBuildPhase;
			buildActionMask = 2147483647;
			files = (
				3BC0695E1FC5CA5C00B63359 /* TodayUITests.m in Sources */,
			);
			runOnlyForDeploymentPostprocessing = 0;
		};
		3BD057FF1E5BE1CB00C891E4 /* Sources */ = {
			isa = PBXSourcesBuildPhase;
			buildActionMask = 2147483647;
			files = (
				3BF1C5141E642DC900223E49 /* EventGroupManager.m in Sources */,
				3BD058351E5BF9FB00C891E4 /* EventsRepeatPolicy.m in Sources */,
				3BDD7EE61FC6D4E20065747A /* DXTableComponentViewController.m in Sources */,
				3B3654E51FBDDAED009B9937 /* SDRootViewController.m in Sources */,
				3BDD7EE51FC6D4E20065747A /* DXCollectionComponent.m in Sources */,
				3BDD7EEC1FC6DA480065747A /* SDHomeComponent.m in Sources */,
				3BD058221E5BE3A800C891E4 /* Account.m in Sources */,
				3BC2331E1FBAEDB800FF0A1D /* HomeItemTableViewCell.m in Sources */,
				3BF1C5181E64353100223E49 /* APNDispatcher.m in Sources */,
				3BD0580B1E5BE1CB00C891E4 /* AppDelegate.m in Sources */,
				3BDD7EC81FC6B2710065747A /* SDEventDetailViewController.m in Sources */,
				3BDD7EDB1FC6D4820065747A /* SDPersonalViewController.m in Sources */,
				3B0F891F1FB56AEA00DB8014 /* SDWritingViewController.m in Sources */,
				3BD058251E5BE46400C891E4 /* AccountConfiguration.m in Sources */,
				3BF744131FBD2FB000280885 /* UIColor+SDColor.m in Sources */,
				3BD0582E1E5BE84B00C891E4 /* LeanCloud.m in Sources */,
				3B415EAA1FBC025A0079B9AB /* SDEventLayout.m in Sources */,
				3BC233231FBAFC6000FF0A1D /* SDLocationService.m in Sources */,
				3BDD7EE41FC6D4E20065747A /* DXBaseTableComponent.m in Sources */,
				3B0F89181FB568EF00DB8014 /* SDHomeViewController.m in Sources */,
				3B0F891C1FB56AC300DB8014 /* SDBaseViewController.m in Sources */,
				3BF744101FBD293900280885 /* SDToast.m in Sources */,
				3B415EAD1FBC0C1B0079B9AB /* SDConvenientFunc.m in Sources */,
				3BF1C5111E6410E300223E49 /* EventsManager.m in Sources */,
				3BDD7EE91FC6D7B30065747A /* SDPersonalComponent.m in Sources */,
				3BD058081E5BE1CB00C891E4 /* main.m in Sources */,
				3BD0583D1E5C31E200C891E4 /* NSDate+events.m in Sources */,
				3BD058321E5BF88600C891E4 /* SDEventItem.m in Sources */,
				3B3654E61FBDDAED009B9937 /* BaseTableView.m in Sources */,
				3B415EA71FBBEFE00079B9AB /* UIImageView+SDImageManagerHelper.m in Sources */,
				3B698D821FC32322002F52E5 /* SDWritingToolbar.m in Sources */,
				3BC4D5C11FC1CFA9003E1777 /* SDAdView.m in Sources */,
				3BF1C4F81E640CDC00223E49 /* AddEventsViewController.m in Sources */,
				3BD058291E5BE52F00C891E4 /* AccountService.m in Sources */,
			);
			runOnlyForDeploymentPostprocessing = 0;
		};
/* End PBXSourcesBuildPhase section */

/* Begin PBXTargetDependency section */
		3BC069531FC5CA4200B63359 /* PBXTargetDependency */ = {
			isa = PBXTargetDependency;
			target = 3BD058021E5BE1CB00C891E4 /* Today */;
			targetProxy = 3BC069521FC5CA4200B63359 /* PBXContainerItemProxy */;
		};
		3BC069611FC5CA5C00B63359 /* PBXTargetDependency */ = {
			isa = PBXTargetDependency;
			target = 3BD058021E5BE1CB00C891E4 /* Today */;
			targetProxy = 3BC069601FC5CA5C00B63359 /* PBXContainerItemProxy */;
		};
/* End PBXTargetDependency section */

/* Begin PBXVariantGroup section */
		3BD058141E5BE1CB00C891E4 /* LaunchScreen.storyboard */ = {
			isa = PBXVariantGroup;
			children = (
				3BD058151E5BE1CB00C891E4 /* Base */,
			);
			name = LaunchScreen.storyboard;
			path = .;
			sourceTree = "<group>";
		};
/* End PBXVariantGroup section */

/* Begin XCBuildConfiguration section */
		3BC069551FC5CA4200B63359 /* Debug */ = {
			isa = XCBuildConfiguration;
			baseConfigurationReference = 2DED8E94496A87C013379E49 /* Pods-TodayTests.debug.xcconfig */;
			buildSettings = {
				BUNDLE_LOADER = "$(TEST_HOST)";
				CLANG_ANALYZER_NUMBER_OBJECT_CONVERSION = YES_AGGRESSIVE;
				CLANG_CXX_LANGUAGE_STANDARD = "gnu++14";
				CLANG_WARN_UNGUARDED_AVAILABILITY = YES_AGGRESSIVE;
				CODE_SIGN_IDENTITY = "iPhone Developer";
				CODE_SIGN_STYLE = Automatic;
				DEVELOPMENT_TEAM = S8238R3HUC;
				GCC_C_LANGUAGE_STANDARD = gnu11;
				INFOPLIST_FILE = TodayTests/Info.plist;
				IPHONEOS_DEPLOYMENT_TARGET = 11.0;
				LD_RUNPATH_SEARCH_PATHS = "$(inherited) @executable_path/Frameworks @loader_path/Frameworks";
				PRODUCT_BUNDLE_IDENTIFIER = shendong.TodayTests;
				PRODUCT_NAME = "$(TARGET_NAME)";
				TARGETED_DEVICE_FAMILY = "1,2";
				TEST_HOST = "$(BUILT_PRODUCTS_DIR)/Today.app/Today";
			};
			name = Debug;
		};
		3BC069561FC5CA4200B63359 /* Release */ = {
			isa = XCBuildConfiguration;
			baseConfigurationReference = B64161A7561B46A36B4ED100 /* Pods-TodayTests.release.xcconfig */;
			buildSettings = {
				BUNDLE_LOADER = "$(TEST_HOST)";
				CLANG_ANALYZER_NUMBER_OBJECT_CONVERSION = YES_AGGRESSIVE;
				CLANG_CXX_LANGUAGE_STANDARD = "gnu++14";
				CLANG_WARN_UNGUARDED_AVAILABILITY = YES_AGGRESSIVE;
				CODE_SIGN_IDENTITY = "iPhone Developer";
				CODE_SIGN_STYLE = Automatic;
				DEVELOPMENT_TEAM = S8238R3HUC;
				GCC_C_LANGUAGE_STANDARD = gnu11;
				INFOPLIST_FILE = TodayTests/Info.plist;
				IPHONEOS_DEPLOYMENT_TARGET = 11.0;
				LD_RUNPATH_SEARCH_PATHS = "$(inherited) @executable_path/Frameworks @loader_path/Frameworks";
				PRODUCT_BUNDLE_IDENTIFIER = shendong.TodayTests;
				PRODUCT_NAME = "$(TARGET_NAME)";
				TARGETED_DEVICE_FAMILY = "1,2";
				TEST_HOST = "$(BUILT_PRODUCTS_DIR)/Today.app/Today";
			};
			name = Release;
		};
		3BC069631FC5CA5C00B63359 /* Debug */ = {
			isa = XCBuildConfiguration;
			baseConfigurationReference = 06BCDD6D0FFBE5CF0423264B /* Pods-TodayUITests.debug.xcconfig */;
			buildSettings = {
				CLANG_ANALYZER_NUMBER_OBJECT_CONVERSION = YES_AGGRESSIVE;
				CLANG_CXX_LANGUAGE_STANDARD = "gnu++14";
				CLANG_WARN_UNGUARDED_AVAILABILITY = YES_AGGRESSIVE;
				CODE_SIGN_IDENTITY = "iPhone Developer";
				CODE_SIGN_STYLE = Automatic;
				DEVELOPMENT_TEAM = S8238R3HUC;
				GCC_C_LANGUAGE_STANDARD = gnu11;
				INFOPLIST_FILE = TodayUITests/Info.plist;
				IPHONEOS_DEPLOYMENT_TARGET = 11.0;
				LD_RUNPATH_SEARCH_PATHS = "$(inherited) @executable_path/Frameworks @loader_path/Frameworks";
				PRODUCT_BUNDLE_IDENTIFIER = shendong.TodayUITests;
				PRODUCT_NAME = "$(TARGET_NAME)";
				TARGETED_DEVICE_FAMILY = "1,2";
				TEST_TARGET_NAME = Today;
			};
			name = Debug;
		};
		3BC069641FC5CA5C00B63359 /* Release */ = {
			isa = XCBuildConfiguration;
			baseConfigurationReference = 9E8A59E4E35D40FD3C84CC78 /* Pods-TodayUITests.release.xcconfig */;
			buildSettings = {
				CLANG_ANALYZER_NUMBER_OBJECT_CONVERSION = YES_AGGRESSIVE;
				CLANG_CXX_LANGUAGE_STANDARD = "gnu++14";
				CLANG_WARN_UNGUARDED_AVAILABILITY = YES_AGGRESSIVE;
				CODE_SIGN_IDENTITY = "iPhone Developer";
				CODE_SIGN_STYLE = Automatic;
				DEVELOPMENT_TEAM = S8238R3HUC;
				GCC_C_LANGUAGE_STANDARD = gnu11;
				INFOPLIST_FILE = TodayUITests/Info.plist;
				IPHONEOS_DEPLOYMENT_TARGET = 11.0;
				LD_RUNPATH_SEARCH_PATHS = "$(inherited) @executable_path/Frameworks @loader_path/Frameworks";
				PRODUCT_BUNDLE_IDENTIFIER = shendong.TodayUITests;
				PRODUCT_NAME = "$(TARGET_NAME)";
				TARGETED_DEVICE_FAMILY = "1,2";
				TEST_TARGET_NAME = Today;
			};
			name = Release;
		};
		3BD058181E5BE1CB00C891E4 /* Debug */ = {
			isa = XCBuildConfiguration;
			buildSettings = {
				ALWAYS_SEARCH_USER_PATHS = NO;
				CLANG_ANALYZER_NONNULL = YES;
				CLANG_CXX_LANGUAGE_STANDARD = "gnu++0x";
				CLANG_CXX_LIBRARY = "libc++";
				CLANG_ENABLE_MODULES = YES;
				CLANG_ENABLE_OBJC_ARC = YES;
				CLANG_WARN_BLOCK_CAPTURE_AUTORELEASING = YES;
				CLANG_WARN_BOOL_CONVERSION = YES;
				CLANG_WARN_COMMA = YES;
				CLANG_WARN_CONSTANT_CONVERSION = YES;
				CLANG_WARN_DIRECT_OBJC_ISA_USAGE = YES_ERROR;
				CLANG_WARN_DOCUMENTATION_COMMENTS = YES;
				CLANG_WARN_EMPTY_BODY = YES;
				CLANG_WARN_ENUM_CONVERSION = YES;
				CLANG_WARN_INFINITE_RECURSION = YES;
				CLANG_WARN_INT_CONVERSION = YES;
				CLANG_WARN_NON_LITERAL_NULL_CONVERSION = YES;
				CLANG_WARN_OBJC_LITERAL_CONVERSION = YES;
				CLANG_WARN_OBJC_ROOT_CLASS = YES_ERROR;
				CLANG_WARN_RANGE_LOOP_ANALYSIS = YES;
				CLANG_WARN_STRICT_PROTOTYPES = YES;
				CLANG_WARN_SUSPICIOUS_MOVE = YES;
				CLANG_WARN_UNREACHABLE_CODE = YES;
				CLANG_WARN__DUPLICATE_METHOD_MATCH = YES;
				"CODE_SIGN_IDENTITY[sdk=iphoneos*]" = "iPhone Developer";
				COPY_PHASE_STRIP = NO;
				DEBUG_INFORMATION_FORMAT = dwarf;
				ENABLE_STRICT_OBJC_MSGSEND = YES;
				ENABLE_TESTABILITY = YES;
				GCC_C_LANGUAGE_STANDARD = gnu99;
				GCC_DYNAMIC_NO_PIC = NO;
				GCC_NO_COMMON_BLOCKS = YES;
				GCC_OPTIMIZATION_LEVEL = 0;
				GCC_PRECOMPILE_PREFIX_HEADER = NO;
				GCC_PREFIX_HEADER = "";
				GCC_PREPROCESSOR_DEFINITIONS = (
					"DEBUG=1",
					"$(inherited)",
				);
				GCC_WARN_64_TO_32_BIT_CONVERSION = YES;
				GCC_WARN_ABOUT_RETURN_TYPE = YES_ERROR;
				GCC_WARN_UNDECLARED_SELECTOR = YES;
				GCC_WARN_UNINITIALIZED_AUTOS = YES_AGGRESSIVE;
				GCC_WARN_UNUSED_FUNCTION = YES;
				GCC_WARN_UNUSED_VARIABLE = YES;
				IPHONEOS_DEPLOYMENT_TARGET = 10.2;
				MTL_ENABLE_DEBUG_INFO = YES;
				ONLY_ACTIVE_ARCH = YES;
				PRECOMPS_INCLUDE_HEADERS_FROM_BUILT_PRODUCTS_DIR = YES;
				SDKROOT = iphoneos;
			};
			name = Debug;
		};
		3BD058191E5BE1CB00C891E4 /* Release */ = {
			isa = XCBuildConfiguration;
			buildSettings = {
				ALWAYS_SEARCH_USER_PATHS = NO;
				CLANG_ANALYZER_NONNULL = YES;
				CLANG_CXX_LANGUAGE_STANDARD = "gnu++0x";
				CLANG_CXX_LIBRARY = "libc++";
				CLANG_ENABLE_MODULES = YES;
				CLANG_ENABLE_OBJC_ARC = YES;
				CLANG_WARN_BLOCK_CAPTURE_AUTORELEASING = YES;
				CLANG_WARN_BOOL_CONVERSION = YES;
				CLANG_WARN_COMMA = YES;
				CLANG_WARN_CONSTANT_CONVERSION = YES;
				CLANG_WARN_DIRECT_OBJC_ISA_USAGE = YES_ERROR;
				CLANG_WARN_DOCUMENTATION_COMMENTS = YES;
				CLANG_WARN_EMPTY_BODY = YES;
				CLANG_WARN_ENUM_CONVERSION = YES;
				CLANG_WARN_INFINITE_RECURSION = YES;
				CLANG_WARN_INT_CONVERSION = YES;
				CLANG_WARN_NON_LITERAL_NULL_CONVERSION = YES;
				CLANG_WARN_OBJC_LITERAL_CONVERSION = YES;
				CLANG_WARN_OBJC_ROOT_CLASS = YES_ERROR;
				CLANG_WARN_RANGE_LOOP_ANALYSIS = YES;
				CLANG_WARN_STRICT_PROTOTYPES = YES;
				CLANG_WARN_SUSPICIOUS_MOVE = YES;
				CLANG_WARN_UNREACHABLE_CODE = YES;
				CLANG_WARN__DUPLICATE_METHOD_MATCH = YES;
				"CODE_SIGN_IDENTITY[sdk=iphoneos*]" = "iPhone Developer";
				COPY_PHASE_STRIP = NO;
				DEBUG_INFORMATION_FORMAT = "dwarf-with-dsym";
				ENABLE_NS_ASSERTIONS = NO;
				ENABLE_STRICT_OBJC_MSGSEND = YES;
				GCC_C_LANGUAGE_STANDARD = gnu99;
				GCC_NO_COMMON_BLOCKS = YES;
				GCC_PRECOMPILE_PREFIX_HEADER = NO;
				GCC_PREFIX_HEADER = "";
				GCC_WARN_64_TO_32_BIT_CONVERSION = YES;
				GCC_WARN_ABOUT_RETURN_TYPE = YES_ERROR;
				GCC_WARN_UNDECLARED_SELECTOR = YES;
				GCC_WARN_UNINITIALIZED_AUTOS = YES_AGGRESSIVE;
				GCC_WARN_UNUSED_FUNCTION = YES;
				GCC_WARN_UNUSED_VARIABLE = YES;
				IPHONEOS_DEPLOYMENT_TARGET = 10.2;
				MTL_ENABLE_DEBUG_INFO = NO;
				PRECOMPS_INCLUDE_HEADERS_FROM_BUILT_PRODUCTS_DIR = YES;
				SDKROOT = iphoneos;
				VALIDATE_PRODUCT = YES;
			};
			name = Release;
		};
		3BD0581B1E5BE1CB00C891E4 /* Debug */ = {
			isa = XCBuildConfiguration;
			baseConfigurationReference = 812331B116A99535B32E8EEB /* Pods-Today.debug.xcconfig */;
			buildSettings = {
				ASSETCATALOG_COMPILER_APPICON_NAME = AppIcon;
				DEVELOPMENT_TEAM = S8238R3HUC;
				GCC_INCREASE_PRECOMPILED_HEADER_SHARING = NO;
				GCC_PRECOMPILE_PREFIX_HEADER = YES;
				GCC_PREFIX_HEADER = "Today/Supporting Files/TodayPrefixHeader.pch";
				INFOPLIST_FILE = "Today/Supporting Files/Info.plist";
				IPHONEOS_DEPLOYMENT_TARGET = 9.0;
				LD_RUNPATH_SEARCH_PATHS = "$(inherited) @executable_path/Frameworks";
				PRODUCT_BUNDLE_IDENTIFIER = shendong.Today;
				PRODUCT_NAME = "$(TARGET_NAME)";
				TARGETED_DEVICE_FAMILY = 1;
				TESTING = "";
			};
			name = Debug;
		};
		3BD0581C1E5BE1CB00C891E4 /* Release */ = {
			isa = XCBuildConfiguration;
			baseConfigurationReference = D9D45C280860469ADBB741C9 /* Pods-Today.release.xcconfig */;
			buildSettings = {
				ASSETCATALOG_COMPILER_APPICON_NAME = AppIcon;
				DEVELOPMENT_TEAM = S8238R3HUC;
				GCC_INCREASE_PRECOMPILED_HEADER_SHARING = NO;
				GCC_PRECOMPILE_PREFIX_HEADER = YES;
				GCC_PREFIX_HEADER = "Today/Supporting Files/TodayPrefixHeader.pch";
				INFOPLIST_FILE = "Today/Supporting Files/Info.plist";
				IPHONEOS_DEPLOYMENT_TARGET = 9.0;
				LD_RUNPATH_SEARCH_PATHS = "$(inherited) @executable_path/Frameworks";
				PRODUCT_BUNDLE_IDENTIFIER = shendong.Today;
				PRODUCT_NAME = "$(TARGET_NAME)";
				TARGETED_DEVICE_FAMILY = 1;
				TESTING = "";
			};
			name = Release;
		};
/* End XCBuildConfiguration section */

/* Begin XCConfigurationList section */
		3BC069541FC5CA4200B63359 /* Build configuration list for PBXNativeTarget "TodayTests" */ = {
			isa = XCConfigurationList;
			buildConfigurations = (
				3BC069551FC5CA4200B63359 /* Debug */,
				3BC069561FC5CA4200B63359 /* Release */,
			);
			defaultConfigurationIsVisible = 0;
			defaultConfigurationName = Release;
		};
		3BC069621FC5CA5C00B63359 /* Build configuration list for PBXNativeTarget "TodayUITests" */ = {
			isa = XCConfigurationList;
			buildConfigurations = (
				3BC069631FC5CA5C00B63359 /* Debug */,
				3BC069641FC5CA5C00B63359 /* Release */,
			);
			defaultConfigurationIsVisible = 0;
			defaultConfigurationName = Release;
		};
		3BD057FE1E5BE1CB00C891E4 /* Build configuration list for PBXProject "Today" */ = {
			isa = XCConfigurationList;
			buildConfigurations = (
				3BD058181E5BE1CB00C891E4 /* Debug */,
				3BD058191E5BE1CB00C891E4 /* Release */,
			);
			defaultConfigurationIsVisible = 0;
			defaultConfigurationName = Release;
		};
		3BD0581A1E5BE1CB00C891E4 /* Build configuration list for PBXNativeTarget "Today" */ = {
			isa = XCConfigurationList;
			buildConfigurations = (
				3BD0581B1E5BE1CB00C891E4 /* Debug */,
				3BD0581C1E5BE1CB00C891E4 /* Release */,
			);
			defaultConfigurationIsVisible = 0;
			defaultConfigurationName = Release;
		};
/* End XCConfigurationList section */
	};
	rootObject = 3BD057FB1E5BE1CB00C891E4 /* Project object */;
}
