// !$*UTF8*$!
{
	archiveVersion = 1;
	classes = {
	};
	objectVersion = 46;
	objects = {

/* Begin PBXBuildFile section */
		1DC86CB5BF631B4C1657CAFE /* libPods-Today.a in Frameworks */ = {isa = PBXBuildFile; fileRef = 4F985833723EC562DBA20D86 /* libPods-Today.a */; };
		3B0F89181FB568EF00DB8014 /* HomeViewController.m in Sources */ = {isa = PBXBuildFile; fileRef = 3B0F89171FB568EF00DB8014 /* HomeViewController.m */; };
		3B0F891C1FB56AC300DB8014 /* BaseViewController.m in Sources */ = {isa = PBXBuildFile; fileRef = 3B0F891B1FB56AC300DB8014 /* BaseViewController.m */; };
		3B0F891F1FB56AEA00DB8014 /* WritingViewController.m in Sources */ = {isa = PBXBuildFile; fileRef = 3B0F891E1FB56AEA00DB8014 /* WritingViewController.m */; };
		3BD058081E5BE1CB00C891E4 /* main.m in Sources */ = {isa = PBXBuildFile; fileRef = 3BD058071E5BE1CB00C891E4 /* main.m */; };
		3BD0580B1E5BE1CB00C891E4 /* AppDelegate.m in Sources */ = {isa = PBXBuildFile; fileRef = 3BD0580A1E5BE1CB00C891E4 /* AppDelegate.m */; };
		3BD0580E1E5BE1CB00C891E4 /* ViewController.m in Sources */ = {isa = PBXBuildFile; fileRef = 3BD0580D1E5BE1CB00C891E4 /* ViewController.m */; };
		3BD058111E5BE1CB00C891E4 /* Main.storyboard in Resources */ = {isa = PBXBuildFile; fileRef = 3BD0580F1E5BE1CB00C891E4 /* Main.storyboard */; };
		3BD058131E5BE1CB00C891E4 /* Assets.xcassets in Resources */ = {isa = PBXBuildFile; fileRef = 3BD058121E5BE1CB00C891E4 /* Assets.xcassets */; };
		3BD058161E5BE1CB00C891E4 /* LaunchScreen.storyboard in Resources */ = {isa = PBXBuildFile; fileRef = 3BD058141E5BE1CB00C891E4 /* LaunchScreen.storyboard */; };
		3BD058221E5BE3A800C891E4 /* Account.m in Sources */ = {isa = PBXBuildFile; fileRef = 3BD058211E5BE3A800C891E4 /* Account.m */; };
		3BD058251E5BE46400C891E4 /* AccountConfiguration.m in Sources */ = {isa = PBXBuildFile; fileRef = 3BD058241E5BE46400C891E4 /* AccountConfiguration.m */; };
		3BD058291E5BE52F00C891E4 /* AccountService.m in Sources */ = {isa = PBXBuildFile; fileRef = 3BD058281E5BE52F00C891E4 /* AccountService.m */; };
		3BD0582E1E5BE84B00C891E4 /* LeanCloud.m in Sources */ = {isa = PBXBuildFile; fileRef = 3BD0582D1E5BE84B00C891E4 /* LeanCloud.m */; };
		3BD058321E5BF88600C891E4 /* TodayEvents.m in Sources */ = {isa = PBXBuildFile; fileRef = 3BD058311E5BF88600C891E4 /* TodayEvents.m */; };
		3BD058351E5BF9FB00C891E4 /* EventsRepeatPolicy.m in Sources */ = {isa = PBXBuildFile; fileRef = 3BD058341E5BF9FB00C891E4 /* EventsRepeatPolicy.m */; };
		3BD0583D1E5C31E200C891E4 /* NSDate+events.m in Sources */ = {isa = PBXBuildFile; fileRef = 3BD0583C1E5C31E200C891E4 /* NSDate+events.m */; };
		3BD0583F1E5C45A800C891E4 /* github.jpeg in Resources */ = {isa = PBXBuildFile; fileRef = 3BD0583E1E5C45A800C891E4 /* github.jpeg */; };
		3BF1C4F81E640CDC00223E49 /* AddEventsViewController.m in Sources */ = {isa = PBXBuildFile; fileRef = 3BF1C4F71E640CDC00223E49 /* AddEventsViewController.m */; };
		3BF1C4FF1E640F6F00223E49 /* NotificationCenter.framework in Frameworks */ = {isa = PBXBuildFile; fileRef = 3BF1C4FE1E640F6F00223E49 /* NotificationCenter.framework */; };
		3BF1C5031E640F6F00223E49 /* TodayViewController.m in Sources */ = {isa = PBXBuildFile; fileRef = 3BF1C5021E640F6F00223E49 /* TodayViewController.m */; };
		3BF1C5061E640F6F00223E49 /* MainInterface.storyboard in Resources */ = {isa = PBXBuildFile; fileRef = 3BF1C5041E640F6F00223E49 /* MainInterface.storyboard */; };
		3BF1C50A1E640F6F00223E49 /* TodayWidget.appex in Embed App Extensions */ = {isa = PBXBuildFile; fileRef = 3BF1C4FD1E640F6F00223E49 /* TodayWidget.appex */; settings = {ATTRIBUTES = (RemoveHeadersOnCopy, ); }; };
		3BF1C5111E6410E300223E49 /* EventsManager.m in Sources */ = {isa = PBXBuildFile; fileRef = 3BF1C5101E6410E300223E49 /* EventsManager.m */; };
		3BF1C5141E642DC900223E49 /* EventGroupManager.m in Sources */ = {isa = PBXBuildFile; fileRef = 3BF1C5131E642DC900223E49 /* EventGroupManager.m */; };
		3BF1C5181E64353100223E49 /* APNDispatcher.m in Sources */ = {isa = PBXBuildFile; fileRef = 3BF1C5171E64353100223E49 /* APNDispatcher.m */; };
/* End PBXBuildFile section */

/* Begin PBXContainerItemProxy section */
		3BF1C5081E640F6F00223E49 /* PBXContainerItemProxy */ = {
			isa = PBXContainerItemProxy;
			containerPortal = 3BD057FB1E5BE1CB00C891E4 /* Project object */;
			proxyType = 1;
			remoteGlobalIDString = 3BF1C4FC1E640F6F00223E49;
			remoteInfo = TodayWidget;
		};
/* End PBXContainerItemProxy section */

/* Begin PBXCopyFilesBuildPhase section */
		3BF1C50E1E640F6F00223E49 /* Embed App Extensions */ = {
			isa = PBXCopyFilesBuildPhase;
			buildActionMask = 2147483647;
			dstPath = "";
			dstSubfolderSpec = 13;
			files = (
				3BF1C50A1E640F6F00223E49 /* TodayWidget.appex in Embed App Extensions */,
			);
			name = "Embed App Extensions";
			runOnlyForDeploymentPostprocessing = 0;
		};
/* End PBXCopyFilesBuildPhase section */

/* Begin PBXFileReference section */
		3B0F89161FB568EF00DB8014 /* HomeViewController.h */ = {isa = PBXFileReference; lastKnownFileType = sourcecode.c.h; path = HomeViewController.h; sourceTree = "<group>"; };
		3B0F89171FB568EF00DB8014 /* HomeViewController.m */ = {isa = PBXFileReference; lastKnownFileType = sourcecode.c.objc; path = HomeViewController.m; sourceTree = "<group>"; };
		3B0F891A1FB56AC300DB8014 /* BaseViewController.h */ = {isa = PBXFileReference; lastKnownFileType = sourcecode.c.h; path = BaseViewController.h; sourceTree = "<group>"; };
		3B0F891B1FB56AC300DB8014 /* BaseViewController.m */ = {isa = PBXFileReference; lastKnownFileType = sourcecode.c.objc; path = BaseViewController.m; sourceTree = "<group>"; };
		3B0F891D1FB56AEA00DB8014 /* WritingViewController.h */ = {isa = PBXFileReference; lastKnownFileType = sourcecode.c.h; path = WritingViewController.h; sourceTree = "<group>"; };
		3B0F891E1FB56AEA00DB8014 /* WritingViewController.m */ = {isa = PBXFileReference; lastKnownFileType = sourcecode.c.objc; path = WritingViewController.m; sourceTree = "<group>"; };
		3BD058031E5BE1CB00C891E4 /* Today.app */ = {isa = PBXFileReference; explicitFileType = wrapper.application; includeInIndex = 0; path = Today.app; sourceTree = BUILT_PRODUCTS_DIR; };
		3BD058071E5BE1CB00C891E4 /* main.m */ = {isa = PBXFileReference; lastKnownFileType = sourcecode.c.objc; path = main.m; sourceTree = "<group>"; };
		3BD058091E5BE1CB00C891E4 /* AppDelegate.h */ = {isa = PBXFileReference; lastKnownFileType = sourcecode.c.h; path = AppDelegate.h; sourceTree = "<group>"; };
		3BD0580A1E5BE1CB00C891E4 /* AppDelegate.m */ = {isa = PBXFileReference; lastKnownFileType = sourcecode.c.objc; path = AppDelegate.m; sourceTree = "<group>"; };
		3BD0580C1E5BE1CB00C891E4 /* ViewController.h */ = {isa = PBXFileReference; lastKnownFileType = sourcecode.c.h; path = ViewController.h; sourceTree = "<group>"; };
		3BD0580D1E5BE1CB00C891E4 /* ViewController.m */ = {isa = PBXFileReference; lastKnownFileType = sourcecode.c.objc; path = ViewController.m; sourceTree = "<group>"; };
		3BD058101E5BE1CB00C891E4 /* Base */ = {isa = PBXFileReference; lastKnownFileType = file.storyboard; name = Base; path = Base.lproj/Main.storyboard; sourceTree = "<group>"; };
		3BD058121E5BE1CB00C891E4 /* Assets.xcassets */ = {isa = PBXFileReference; lastKnownFileType = folder.assetcatalog; path = Assets.xcassets; sourceTree = "<group>"; };
		3BD058151E5BE1CB00C891E4 /* Base */ = {isa = PBXFileReference; lastKnownFileType = file.storyboard; name = Base; path = Base.lproj/LaunchScreen.storyboard; sourceTree = "<group>"; };
		3BD058171E5BE1CB00C891E4 /* Info.plist */ = {isa = PBXFileReference; lastKnownFileType = text.plist.xml; path = Info.plist; sourceTree = "<group>"; };
		3BD058201E5BE3A800C891E4 /* Account.h */ = {isa = PBXFileReference; fileEncoding = 4; lastKnownFileType = sourcecode.c.h; path = Account.h; sourceTree = "<group>"; };
		3BD058211E5BE3A800C891E4 /* Account.m */ = {isa = PBXFileReference; fileEncoding = 4; lastKnownFileType = sourcecode.c.objc; path = Account.m; sourceTree = "<group>"; };
		3BD058231E5BE46400C891E4 /* AccountConfiguration.h */ = {isa = PBXFileReference; fileEncoding = 4; lastKnownFileType = sourcecode.c.h; path = AccountConfiguration.h; sourceTree = "<group>"; };
		3BD058241E5BE46400C891E4 /* AccountConfiguration.m */ = {isa = PBXFileReference; fileEncoding = 4; lastKnownFileType = sourcecode.c.objc; path = AccountConfiguration.m; sourceTree = "<group>"; };
		3BD058271E5BE52F00C891E4 /* AccountService.h */ = {isa = PBXFileReference; fileEncoding = 4; lastKnownFileType = sourcecode.c.h; path = AccountService.h; sourceTree = "<group>"; };
		3BD058281E5BE52F00C891E4 /* AccountService.m */ = {isa = PBXFileReference; fileEncoding = 4; lastKnownFileType = sourcecode.c.objc; path = AccountService.m; sourceTree = "<group>"; };
		3BD0582C1E5BE84B00C891E4 /* LeanCloud.h */ = {isa = PBXFileReference; fileEncoding = 4; lastKnownFileType = sourcecode.c.h; path = LeanCloud.h; sourceTree = "<group>"; };
		3BD0582D1E5BE84B00C891E4 /* LeanCloud.m */ = {isa = PBXFileReference; fileEncoding = 4; lastKnownFileType = sourcecode.c.objc; path = LeanCloud.m; sourceTree = "<group>"; };
		3BD058301E5BF88600C891E4 /* TodayEvents.h */ = {isa = PBXFileReference; fileEncoding = 4; lastKnownFileType = sourcecode.c.h; path = TodayEvents.h; sourceTree = "<group>"; };
		3BD058311E5BF88600C891E4 /* TodayEvents.m */ = {isa = PBXFileReference; fileEncoding = 4; lastKnownFileType = sourcecode.c.objc; path = TodayEvents.m; sourceTree = "<group>"; };
		3BD058331E5BF9FB00C891E4 /* EventsRepeatPolicy.h */ = {isa = PBXFileReference; fileEncoding = 4; lastKnownFileType = sourcecode.c.h; path = EventsRepeatPolicy.h; sourceTree = "<group>"; };
		3BD058341E5BF9FB00C891E4 /* EventsRepeatPolicy.m */ = {isa = PBXFileReference; fileEncoding = 4; lastKnownFileType = sourcecode.c.objc; path = EventsRepeatPolicy.m; sourceTree = "<group>"; };
		3BD058381E5C24D600C891E4 /* TodayConstant.h */ = {isa = PBXFileReference; fileEncoding = 4; lastKnownFileType = sourcecode.c.h; path = TodayConstant.h; sourceTree = "<group>"; };
		3BD0583B1E5C31E200C891E4 /* NSDate+events.h */ = {isa = PBXFileReference; fileEncoding = 4; lastKnownFileType = sourcecode.c.h; path = "NSDate+events.h"; sourceTree = "<group>"; };
		3BD0583C1E5C31E200C891E4 /* NSDate+events.m */ = {isa = PBXFileReference; fileEncoding = 4; lastKnownFileType = sourcecode.c.objc; path = "NSDate+events.m"; sourceTree = "<group>"; };
		3BD0583E1E5C45A800C891E4 /* github.jpeg */ = {isa = PBXFileReference; lastKnownFileType = image.jpeg; path = github.jpeg; sourceTree = "<group>"; };
		3BF1C4F61E640CDC00223E49 /* AddEventsViewController.h */ = {isa = PBXFileReference; fileEncoding = 4; lastKnownFileType = sourcecode.c.h; path = AddEventsViewController.h; sourceTree = "<group>"; };
		3BF1C4F71E640CDC00223E49 /* AddEventsViewController.m */ = {isa = PBXFileReference; fileEncoding = 4; lastKnownFileType = sourcecode.c.objc; path = AddEventsViewController.m; sourceTree = "<group>"; };
		3BF1C4FD1E640F6F00223E49 /* TodayWidget.appex */ = {isa = PBXFileReference; explicitFileType = "wrapper.app-extension"; includeInIndex = 0; path = TodayWidget.appex; sourceTree = BUILT_PRODUCTS_DIR; };
		3BF1C4FE1E640F6F00223E49 /* NotificationCenter.framework */ = {isa = PBXFileReference; lastKnownFileType = wrapper.framework; name = NotificationCenter.framework; path = System/Library/Frameworks/NotificationCenter.framework; sourceTree = SDKROOT; };
		3BF1C5011E640F6F00223E49 /* TodayViewController.h */ = {isa = PBXFileReference; lastKnownFileType = sourcecode.c.h; path = TodayViewController.h; sourceTree = "<group>"; };
		3BF1C5021E640F6F00223E49 /* TodayViewController.m */ = {isa = PBXFileReference; lastKnownFileType = sourcecode.c.objc; path = TodayViewController.m; sourceTree = "<group>"; };
		3BF1C5051E640F6F00223E49 /* Base */ = {isa = PBXFileReference; lastKnownFileType = file.storyboard; name = Base; path = Base.lproj/MainInterface.storyboard; sourceTree = "<group>"; };
		3BF1C5071E640F6F00223E49 /* Info.plist */ = {isa = PBXFileReference; lastKnownFileType = text.plist.xml; path = Info.plist; sourceTree = "<group>"; };
		3BF1C50F1E6410E300223E49 /* EventsManager.h */ = {isa = PBXFileReference; fileEncoding = 4; lastKnownFileType = sourcecode.c.h; path = EventsManager.h; sourceTree = "<group>"; };
		3BF1C5101E6410E300223E49 /* EventsManager.m */ = {isa = PBXFileReference; fileEncoding = 4; lastKnownFileType = sourcecode.c.objc; path = EventsManager.m; sourceTree = "<group>"; };
		3BF1C5121E642DC900223E49 /* EventGroupManager.h */ = {isa = PBXFileReference; fileEncoding = 4; lastKnownFileType = sourcecode.c.h; path = EventGroupManager.h; sourceTree = "<group>"; };
		3BF1C5131E642DC900223E49 /* EventGroupManager.m */ = {isa = PBXFileReference; fileEncoding = 4; lastKnownFileType = sourcecode.c.objc; path = EventGroupManager.m; sourceTree = "<group>"; };
		3BF1C5161E64353100223E49 /* APNDispatcher.h */ = {isa = PBXFileReference; fileEncoding = 4; lastKnownFileType = sourcecode.c.h; path = APNDispatcher.h; sourceTree = "<group>"; };
		3BF1C5171E64353100223E49 /* APNDispatcher.m */ = {isa = PBXFileReference; fileEncoding = 4; lastKnownFileType = sourcecode.c.objc; path = APNDispatcher.m; sourceTree = "<group>"; };
		4F985833723EC562DBA20D86 /* libPods-Today.a */ = {isa = PBXFileReference; explicitFileType = archive.ar; includeInIndex = 0; path = "libPods-Today.a"; sourceTree = BUILT_PRODUCTS_DIR; };
		BC61A3E2FC4B01B23A0E8E85 /* Pods-Today.release.xcconfig */ = {isa = PBXFileReference; includeInIndex = 1; lastKnownFileType = text.xcconfig; name = "Pods-Today.release.xcconfig"; path = "Pods/Target Support Files/Pods-Today/Pods-Today.release.xcconfig"; sourceTree = "<group>"; };
		FF5F3C538B926C3EDB7CEA8A /* Pods-Today.debug.xcconfig */ = {isa = PBXFileReference; includeInIndex = 1; lastKnownFileType = text.xcconfig; name = "Pods-Today.debug.xcconfig"; path = "Pods/Target Support Files/Pods-Today/Pods-Today.debug.xcconfig"; sourceTree = "<group>"; };
/* End PBXFileReference section */

/* Begin PBXFrameworksBuildPhase section */
		3BD058001E5BE1CB00C891E4 /* Frameworks */ = {
			isa = PBXFrameworksBuildPhase;
			buildActionMask = 2147483647;
			files = (
				1DC86CB5BF631B4C1657CAFE /* libPods-Today.a in Frameworks */,
			);
			runOnlyForDeploymentPostprocessing = 0;
		};
		3BF1C4FA1E640F6F00223E49 /* Frameworks */ = {
			isa = PBXFrameworksBuildPhase;
			buildActionMask = 2147483647;
			files = (
				3BF1C4FF1E640F6F00223E49 /* NotificationCenter.framework in Frameworks */,
			);
			runOnlyForDeploymentPostprocessing = 0;
		};
/* End PBXFrameworksBuildPhase section */

/* Begin PBXGroup section */
		3B0F890B1FB5689A00DB8014 /* Business */ = {
			isa = PBXGroup;
			children = (
				3B0F890C1FB568D600DB8014 /* Home */,
				3B0F89111FB568D600DB8014 /* Writing */,
			);
			path = Business;
			sourceTree = "<group>";
		};
		3B0F890C1FB568D600DB8014 /* Home */ = {
			isa = PBXGroup;
			children = (
				3B0F890D1FB568D600DB8014 /* Model */,
				3B0F890E1FB568D600DB8014 /* UIControl */,
				3B0F890F1FB568D600DB8014 /* ViewController */,
				3B0F89101FB568D600DB8014 /* ViewModel */,
			);
			path = Home;
			sourceTree = "<group>";
		};
		3B0F890D1FB568D600DB8014 /* Model */ = {
			isa = PBXGroup;
			children = (
			);
			path = Model;
			sourceTree = "<group>";
		};
		3B0F890E1FB568D600DB8014 /* UIControl */ = {
			isa = PBXGroup;
			children = (
			);
			path = UIControl;
			sourceTree = "<group>";
		};
		3B0F890F1FB568D600DB8014 /* ViewController */ = {
			isa = PBXGroup;
			children = (
				3B0F89161FB568EF00DB8014 /* HomeViewController.h */,
				3B0F89171FB568EF00DB8014 /* HomeViewController.m */,
			);
			path = ViewController;
			sourceTree = "<group>";
		};
		3B0F89101FB568D600DB8014 /* ViewModel */ = {
			isa = PBXGroup;
			children = (
			);
			path = ViewModel;
			sourceTree = "<group>";
		};
		3B0F89111FB568D600DB8014 /* Writing */ = {
			isa = PBXGroup;
			children = (
				3B0F89121FB568D600DB8014 /* Model */,
				3B0F89131FB568D600DB8014 /* UIControl */,
				3B0F89141FB568D600DB8014 /* ViewController */,
				3B0F89151FB568D600DB8014 /* ViewModel */,
			);
			path = Writing;
			sourceTree = "<group>";
		};
		3B0F89121FB568D600DB8014 /* Model */ = {
			isa = PBXGroup;
			children = (
			);
			path = Model;
			sourceTree = "<group>";
		};
		3B0F89131FB568D600DB8014 /* UIControl */ = {
			isa = PBXGroup;
			children = (
			);
			path = UIControl;
			sourceTree = "<group>";
		};
		3B0F89141FB568D600DB8014 /* ViewController */ = {
			isa = PBXGroup;
			children = (
				3B0F891D1FB56AEA00DB8014 /* WritingViewController.h */,
				3B0F891E1FB56AEA00DB8014 /* WritingViewController.m */,
			);
			path = ViewController;
			sourceTree = "<group>";
		};
		3B0F89151FB568D600DB8014 /* ViewModel */ = {
			isa = PBXGroup;
			children = (
			);
			path = ViewModel;
			sourceTree = "<group>";
		};
		3B0F89191FB56AB600DB8014 /* Base */ = {
			isa = PBXGroup;
			children = (
				3B0F891A1FB56AC300DB8014 /* BaseViewController.h */,
				3B0F891B1FB56AC300DB8014 /* BaseViewController.m */,
			);
			path = Base;
			sourceTree = "<group>";
		};
		3BD057FA1E5BE1CB00C891E4 = {
			isa = PBXGroup;
			children = (
				E6FA4BCAFDE0591BE9C8677B /* Frameworks */,
				3BD058041E5BE1CB00C891E4 /* Products */,
				3BD058051E5BE1CB00C891E4 /* Today */,
				3BF1C5001E640F6F00223E49 /* TodayWidget */,
				FA0A318B93E1A49323BE667A /* Pods */,
			);
			sourceTree = "<group>";
		};
		3BD058041E5BE1CB00C891E4 /* Products */ = {
			isa = PBXGroup;
			children = (
				3BD058031E5BE1CB00C891E4 /* Today.app */,
				3BF1C4FD1E640F6F00223E49 /* TodayWidget.appex */,
			);
			name = Products;
			sourceTree = "<group>";
		};
		3BD058051E5BE1CB00C891E4 /* Today */ = {
			isa = PBXGroup;
			children = (
				3B0F89191FB56AB600DB8014 /* Base */,
				3B0F890B1FB5689A00DB8014 /* Business */,
				3BD0581E1E5BE37800C891E4 /* Components */,
				3BD058391E5C31C000C891E4 /* Foundation */,
				3BD0581D1E5BE37200C891E4 /* Pages */,
				3BD058061E5BE1CB00C891E4 /* Supporting Files */,
				3BD058091E5BE1CB00C891E4 /* AppDelegate.h */,
				3BD0580A1E5BE1CB00C891E4 /* AppDelegate.m */,
				3BD0580C1E5BE1CB00C891E4 /* ViewController.h */,
				3BD0580D1E5BE1CB00C891E4 /* ViewController.m */,
			);
			path = Today;
			sourceTree = "<group>";
		};
		3BD058061E5BE1CB00C891E4 /* Supporting Files */ = {
			isa = PBXGroup;
			children = (
				3BD058121E5BE1CB00C891E4 /* Assets.xcassets */,
				3BD058171E5BE1CB00C891E4 /* Info.plist */,
				3BD058141E5BE1CB00C891E4 /* LaunchScreen.storyboard */,
				3BD0580F1E5BE1CB00C891E4 /* Main.storyboard */,
				3BD0583E1E5C45A800C891E4 /* github.jpeg */,
				3BD058071E5BE1CB00C891E4 /* main.m */,
			);
			path = "Supporting Files";
			sourceTree = "<group>";
		};
		3BD0581D1E5BE37200C891E4 /* Pages */ = {
			isa = PBXGroup;
			children = (
				3BF1C4F51E640CB900223E49 /* ManageEvents */,
			);
			path = Pages;
			sourceTree = "<group>";
		};
		3BD0581E1E5BE37800C891E4 /* Components */ = {
			isa = PBXGroup;
			children = (
				3BF1C5151E6434DD00223E49 /* APNDispatcher */,
				3BD0581F1E5BE39200C891E4 /* Account */,
				3BD0582A1E5BE7DC00C891E4 /* Constant */,
				3BD0582F1E5BF87500C891E4 /* Events */,
				3BD0582B1E5BE83D00C891E4 /* LeanCloud */,
			);
			path = Components;
			sourceTree = "<group>";
		};
		3BD0581F1E5BE39200C891E4 /* Account */ = {
			isa = PBXGroup;
			children = (
				3BD058201E5BE3A800C891E4 /* Account.h */,
				3BD058211E5BE3A800C891E4 /* Account.m */,
				3BD058231E5BE46400C891E4 /* AccountConfiguration.h */,
				3BD058241E5BE46400C891E4 /* AccountConfiguration.m */,
				3BD058271E5BE52F00C891E4 /* AccountService.h */,
				3BD058281E5BE52F00C891E4 /* AccountService.m */,
			);
			path = Account;
			sourceTree = "<group>";
		};
		3BD0582A1E5BE7DC00C891E4 /* Constant */ = {
			isa = PBXGroup;
			children = (
				3BD058381E5C24D600C891E4 /* TodayConstant.h */,
			);
			path = Constant;
			sourceTree = "<group>";
		};
		3BD0582B1E5BE83D00C891E4 /* LeanCloud */ = {
			isa = PBXGroup;
			children = (
				3BD0582C1E5BE84B00C891E4 /* LeanCloud.h */,
				3BD0582D1E5BE84B00C891E4 /* LeanCloud.m */,
			);
			path = LeanCloud;
			sourceTree = "<group>";
		};
		3BD0582F1E5BF87500C891E4 /* Events */ = {
			isa = PBXGroup;
			children = (
				3BF1C5121E642DC900223E49 /* EventGroupManager.h */,
				3BF1C5131E642DC900223E49 /* EventGroupManager.m */,
				3BF1C50F1E6410E300223E49 /* EventsManager.h */,
				3BF1C5101E6410E300223E49 /* EventsManager.m */,
				3BD058331E5BF9FB00C891E4 /* EventsRepeatPolicy.h */,
				3BD058341E5BF9FB00C891E4 /* EventsRepeatPolicy.m */,
				3BD058301E5BF88600C891E4 /* TodayEvents.h */,
				3BD058311E5BF88600C891E4 /* TodayEvents.m */,
			);
			path = Events;
			sourceTree = "<group>";
		};
		3BD058391E5C31C000C891E4 /* Foundation */ = {
			isa = PBXGroup;
			children = (
				3BD0583A1E5C31C800C891E4 /* Category */,
			);
			path = Foundation;
			sourceTree = "<group>";
		};
		3BD0583A1E5C31C800C891E4 /* Category */ = {
			isa = PBXGroup;
			children = (
				3BD0583B1E5C31E200C891E4 /* NSDate+events.h */,
				3BD0583C1E5C31E200C891E4 /* NSDate+events.m */,
			);
			path = Category;
			sourceTree = "<group>";
		};
		3BF1C4F51E640CB900223E49 /* ManageEvents */ = {
			isa = PBXGroup;
			children = (
				3BF1C4F61E640CDC00223E49 /* AddEventsViewController.h */,
				3BF1C4F71E640CDC00223E49 /* AddEventsViewController.m */,
			);
			path = ManageEvents;
			sourceTree = "<group>";
		};
		3BF1C5001E640F6F00223E49 /* TodayWidget */ = {
			isa = PBXGroup;
			children = (
				3BF1C5071E640F6F00223E49 /* Info.plist */,
				3BF1C5041E640F6F00223E49 /* MainInterface.storyboard */,
				3BF1C5011E640F6F00223E49 /* TodayViewController.h */,
				3BF1C5021E640F6F00223E49 /* TodayViewController.m */,
			);
			path = TodayWidget;
			sourceTree = "<group>";
		};
		3BF1C5151E6434DD00223E49 /* APNDispatcher */ = {
			isa = PBXGroup;
			children = (
				3BF1C5161E64353100223E49 /* APNDispatcher.h */,
				3BF1C5171E64353100223E49 /* APNDispatcher.m */,
			);
			path = APNDispatcher;
			sourceTree = "<group>";
		};
		E6FA4BCAFDE0591BE9C8677B /* Frameworks */ = {
			isa = PBXGroup;
			children = (
				3BF1C4FE1E640F6F00223E49 /* NotificationCenter.framework */,
				4F985833723EC562DBA20D86 /* libPods-Today.a */,
			);
			name = Frameworks;
			sourceTree = "<group>";
		};
		FA0A318B93E1A49323BE667A /* Pods */ = {
			isa = PBXGroup;
			children = (
				FF5F3C538B926C3EDB7CEA8A /* Pods-Today.debug.xcconfig */,
				BC61A3E2FC4B01B23A0E8E85 /* Pods-Today.release.xcconfig */,
			);
			name = Pods;
			sourceTree = "<group>";
		};
/* End PBXGroup section */

/* Begin PBXNativeTarget section */
		3BD058021E5BE1CB00C891E4 /* Today */ = {
			isa = PBXNativeTarget;
			buildConfigurationList = 3BD0581A1E5BE1CB00C891E4 /* Build configuration list for PBXNativeTarget "Today" */;
			buildPhases = (
				3FF0E984DD557810807C95B5 /* [CP] Check Pods Manifest.lock */,
				3BD057FF1E5BE1CB00C891E4 /* Sources */,
				3BD058001E5BE1CB00C891E4 /* Frameworks */,
				3BD058011E5BE1CB00C891E4 /* Resources */,
				3BF1C50E1E640F6F00223E49 /* Embed App Extensions */,
				312C2F19B1226A0BD1104B25 /* [CP] Embed Pods Frameworks */,
				9A043222C30B528EDF82C9BE /* [CP] Copy Pods Resources */,
			);
			buildRules = (
			);
			dependencies = (
				3BF1C5091E640F6F00223E49 /* PBXTargetDependency */,
			);
			name = Today;
			productName = Today;
			productReference = 3BD058031E5BE1CB00C891E4 /* Today.app */;
			productType = "com.apple.product-type.application";
		};
		3BF1C4FC1E640F6F00223E49 /* TodayWidget */ = {
			isa = PBXNativeTarget;
			buildConfigurationList = 3BF1C50B1E640F6F00223E49 /* Build configuration list for PBXNativeTarget "TodayWidget" */;
			buildPhases = (
				3BF1C4F91E640F6F00223E49 /* Sources */,
				3BF1C4FA1E640F6F00223E49 /* Frameworks */,
				3BF1C4FB1E640F6F00223E49 /* Resources */,
			);
			buildRules = (
			);
			dependencies = (
			);
			name = TodayWidget;
			productName = TodayWidget;
			productReference = 3BF1C4FD1E640F6F00223E49 /* TodayWidget.appex */;
			productType = "com.apple.product-type.app-extension";
		};
/* End PBXNativeTarget section */

/* Begin PBXProject section */
		3BD057FB1E5BE1CB00C891E4 /* Project object */ = {
			isa = PBXProject;
			attributes = {
				LastUpgradeCheck = 0820;
				ORGANIZATIONNAME = shendong;
				TargetAttributes = {
					3BD058021E5BE1CB00C891E4 = {
						CreatedOnToolsVersion = 8.2;
						ProvisioningStyle = Automatic;
					};
					3BF1C4FC1E640F6F00223E49 = {
						CreatedOnToolsVersion = 8.2;
						ProvisioningStyle = Manual;
					};
				};
			};
			buildConfigurationList = 3BD057FE1E5BE1CB00C891E4 /* Build configuration list for PBXProject "Today" */;
			compatibilityVersion = "Xcode 3.2";
			developmentRegion = English;
			hasScannedForEncodings = 0;
			knownRegions = (
				en,
				Base,
			);
			mainGroup = 3BD057FA1E5BE1CB00C891E4;
			productRefGroup = 3BD058041E5BE1CB00C891E4 /* Products */;
			projectDirPath = "";
			projectRoot = "";
			targets = (
				3BD058021E5BE1CB00C891E4 /* Today */,
				3BF1C4FC1E640F6F00223E49 /* TodayWidget */,
			);
		};
/* End PBXProject section */

/* Begin PBXResourcesBuildPhase section */
		3BD058011E5BE1CB00C891E4 /* Resources */ = {
			isa = PBXResourcesBuildPhase;
			buildActionMask = 2147483647;
			files = (
				3BD058161E5BE1CB00C891E4 /* LaunchScreen.storyboard in Resources */,
				3BD058131E5BE1CB00C891E4 /* Assets.xcassets in Resources */,
				3BD0583F1E5C45A800C891E4 /* github.jpeg in Resources */,
				3BD058111E5BE1CB00C891E4 /* Main.storyboard in Resources */,
			);
			runOnlyForDeploymentPostprocessing = 0;
		};
		3BF1C4FB1E640F6F00223E49 /* Resources */ = {
			isa = PBXResourcesBuildPhase;
			buildActionMask = 2147483647;
			files = (
				3BF1C5061E640F6F00223E49 /* MainInterface.storyboard in Resources */,
			);
			runOnlyForDeploymentPostprocessing = 0;
		};
/* End PBXResourcesBuildPhase section */

/* Begin PBXShellScriptBuildPhase section */
		312C2F19B1226A0BD1104B25 /* [CP] Embed Pods Frameworks */ = {
			isa = PBXShellScriptBuildPhase;
			buildActionMask = 2147483647;
			files = (
			);
			inputPaths = (
			);
			name = "[CP] Embed Pods Frameworks";
			outputPaths = (
			);
			runOnlyForDeploymentPostprocessing = 0;
			shellPath = /bin/sh;
			shellScript = "\"${SRCROOT}/Pods/Target Support Files/Pods-Today/Pods-Today-frameworks.sh\"\n";
			showEnvVarsInLog = 0;
		};
		3FF0E984DD557810807C95B5 /* [CP] Check Pods Manifest.lock */ = {
			isa = PBXShellScriptBuildPhase;
			buildActionMask = 2147483647;
			files = (
			);
			inputPaths = (
				"${PODS_PODFILE_DIR_PATH}/Podfile.lock",
				"${PODS_ROOT}/Manifest.lock",
			);
			name = "[CP] Check Pods Manifest.lock";
			outputPaths = (
				"$(DERIVED_FILE_DIR)/Pods-Today-checkManifestLockResult.txt",
			);
			runOnlyForDeploymentPostprocessing = 0;
			shellPath = /bin/sh;
			shellScript = "diff \"${PODS_PODFILE_DIR_PATH}/Podfile.lock\" \"${PODS_ROOT}/Manifest.lock\" > /dev/null\nif [ $? != 0 ] ; then\n    # print error to STDERR\n    echo \"error: The sandbox is not in sync with the Podfile.lock. Run 'pod install' or update your CocoaPods installation.\" >&2\n    exit 1\nfi\n# This output is used by Xcode 'outputs' to avoid re-running this script phase.\necho \"SUCCESS\" > \"${SCRIPT_OUTPUT_FILE_0}\"\n";
			showEnvVarsInLog = 0;
		};
		9A043222C30B528EDF82C9BE /* [CP] Copy Pods Resources */ = {
			isa = PBXShellScriptBuildPhase;
			buildActionMask = 2147483647;
			files = (
			);
			inputPaths = (
				"${SRCROOT}/Pods/Target Support Files/Pods-Today/Pods-Today-resources.sh",
				"${PODS_ROOT}/AVOSCloud/AVOS/AVOSCloud/AVOSCloud_Art.inc",
				"${PODS_ROOT}/DateTools/DateTools/DateTools/DateTools.bundle",
			);
			name = "[CP] Copy Pods Resources";
			outputPaths = (
				"${TARGET_BUILD_DIR}/${UNLOCALIZED_RESOURCES_FOLDER_PATH}",
			);
			runOnlyForDeploymentPostprocessing = 0;
			shellPath = /bin/sh;
			shellScript = "\"${SRCROOT}/Pods/Target Support Files/Pods-Today/Pods-Today-resources.sh\"\n";
			showEnvVarsInLog = 0;
		};
/* End PBXShellScriptBuildPhase section */

/* Begin PBXSourcesBuildPhase section */
		3BD057FF1E5BE1CB00C891E4 /* Sources */ = {
			isa = PBXSourcesBuildPhase;
			buildActionMask = 2147483647;
			files = (
				3BD0580E1E5BE1CB00C891E4 /* ViewController.m in Sources */,
				3BF1C5141E642DC900223E49 /* EventGroupManager.m in Sources */,
				3BD058351E5BF9FB00C891E4 /* EventsRepeatPolicy.m in Sources */,
				3BD058221E5BE3A800C891E4 /* Account.m in Sources */,
				3BF1C5181E64353100223E49 /* APNDispatcher.m in Sources */,
				3BD0580B1E5BE1CB00C891E4 /* AppDelegate.m in Sources */,
				3B0F891F1FB56AEA00DB8014 /* WritingViewController.m in Sources */,
				3BD058251E5BE46400C891E4 /* AccountConfiguration.m in Sources */,
				3BD0582E1E5BE84B00C891E4 /* LeanCloud.m in Sources */,
				3B0F89181FB568EF00DB8014 /* HomeViewController.m in Sources */,
				3B0F891C1FB56AC300DB8014 /* BaseViewController.m in Sources */,
				3BF1C5111E6410E300223E49 /* EventsManager.m in Sources */,
				3BD058081E5BE1CB00C891E4 /* main.m in Sources */,
				3BD0583D1E5C31E200C891E4 /* NSDate+events.m in Sources */,
				3BD058321E5BF88600C891E4 /* TodayEvents.m in Sources */,
				3BF1C4F81E640CDC00223E49 /* AddEventsViewController.m in Sources */,
				3BD058291E5BE52F00C891E4 /* AccountService.m in Sources */,
			);
			runOnlyForDeploymentPostprocessing = 0;
		};
		3BF1C4F91E640F6F00223E49 /* Sources */ = {
			isa = PBXSourcesBuildPhase;
			buildActionMask = 2147483647;
			files = (
				3BF1C5031E640F6F00223E49 /* TodayViewController.m in Sources */,
			);
			runOnlyForDeploymentPostprocessing = 0;
		};
/* End PBXSourcesBuildPhase section */

/* Begin PBXTargetDependency section */
		3BF1C5091E640F6F00223E49 /* PBXTargetDependency */ = {
			isa = PBXTargetDependency;
			target = 3BF1C4FC1E640F6F00223E49 /* TodayWidget */;
			targetProxy = 3BF1C5081E640F6F00223E49 /* PBXContainerItemProxy */;
		};
/* End PBXTargetDependency section */

/* Begin PBXVariantGroup section */
		3BD0580F1E5BE1CB00C891E4 /* Main.storyboard */ = {
			isa = PBXVariantGroup;
			children = (
				3BD058101E5BE1CB00C891E4 /* Base */,
			);
			name = Main.storyboard;
			path = .;
			sourceTree = "<group>";
		};
		3BD058141E5BE1CB00C891E4 /* LaunchScreen.storyboard */ = {
			isa = PBXVariantGroup;
			children = (
				3BD058151E5BE1CB00C891E4 /* Base */,
			);
			name = LaunchScreen.storyboard;
			path = .;
			sourceTree = "<group>";
		};
		3BF1C5041E640F6F00223E49 /* MainInterface.storyboard */ = {
			isa = PBXVariantGroup;
			children = (
				3BF1C5051E640F6F00223E49 /* Base */,
			);
			name = MainInterface.storyboard;
			path = .;
			sourceTree = "<group>";
		};
/* End PBXVariantGroup section */

/* Begin XCBuildConfiguration section */
		3BD058181E5BE1CB00C891E4 /* Debug */ = {
			isa = XCBuildConfiguration;
			buildSettings = {
				ALWAYS_SEARCH_USER_PATHS = NO;
				CLANG_ANALYZER_NONNULL = YES;
				CLANG_CXX_LANGUAGE_STANDARD = "gnu++0x";
				CLANG_CXX_LIBRARY = "libc++";
				CLANG_ENABLE_MODULES = YES;
				CLANG_ENABLE_OBJC_ARC = YES;
				CLANG_WARN_BOOL_CONVERSION = YES;
				CLANG_WARN_CONSTANT_CONVERSION = YES;
				CLANG_WARN_DIRECT_OBJC_ISA_USAGE = YES_ERROR;
				CLANG_WARN_DOCUMENTATION_COMMENTS = YES;
				CLANG_WARN_EMPTY_BODY = YES;
				CLANG_WARN_ENUM_CONVERSION = YES;
				CLANG_WARN_INFINITE_RECURSION = YES;
				CLANG_WARN_INT_CONVERSION = YES;
				CLANG_WARN_OBJC_ROOT_CLASS = YES_ERROR;
				CLANG_WARN_SUSPICIOUS_MOVE = YES;
				CLANG_WARN_UNREACHABLE_CODE = YES;
				CLANG_WARN__DUPLICATE_METHOD_MATCH = YES;
				"CODE_SIGN_IDENTITY[sdk=iphoneos*]" = "iPhone Developer";
				COPY_PHASE_STRIP = NO;
				DEBUG_INFORMATION_FORMAT = dwarf;
				ENABLE_STRICT_OBJC_MSGSEND = YES;
				ENABLE_TESTABILITY = YES;
				GCC_C_LANGUAGE_STANDARD = gnu99;
				GCC_DYNAMIC_NO_PIC = NO;
				GCC_NO_COMMON_BLOCKS = YES;
				GCC_OPTIMIZATION_LEVEL = 0;
				GCC_PREPROCESSOR_DEFINITIONS = (
					"DEBUG=1",
					"$(inherited)",
				);
				GCC_WARN_64_TO_32_BIT_CONVERSION = YES;
				GCC_WARN_ABOUT_RETURN_TYPE = YES_ERROR;
				GCC_WARN_UNDECLARED_SELECTOR = YES;
				GCC_WARN_UNINITIALIZED_AUTOS = YES_AGGRESSIVE;
				GCC_WARN_UNUSED_FUNCTION = YES;
				GCC_WARN_UNUSED_VARIABLE = YES;
				IPHONEOS_DEPLOYMENT_TARGET = 10.2;
				MTL_ENABLE_DEBUG_INFO = YES;
				ONLY_ACTIVE_ARCH = YES;
				SDKROOT = iphoneos;
			};
			name = Debug;
		};
		3BD058191E5BE1CB00C891E4 /* Release */ = {
			isa = XCBuildConfiguration;
			buildSettings = {
				ALWAYS_SEARCH_USER_PATHS = NO;
				CLANG_ANALYZER_NONNULL = YES;
				CLANG_CXX_LANGUAGE_STANDARD = "gnu++0x";
				CLANG_CXX_LIBRARY = "libc++";
				CLANG_ENABLE_MODULES = YES;
				CLANG_ENABLE_OBJC_ARC = YES;
				CLANG_WARN_BOOL_CONVERSION = YES;
				CLANG_WARN_CONSTANT_CONVERSION = YES;
				CLANG_WARN_DIRECT_OBJC_ISA_USAGE = YES_ERROR;
				CLANG_WARN_DOCUMENTATION_COMMENTS = YES;
				CLANG_WARN_EMPTY_BODY = YES;
				CLANG_WARN_ENUM_CONVERSION = YES;
				CLANG_WARN_INFINITE_RECURSION = YES;
				CLANG_WARN_INT_CONVERSION = YES;
				CLANG_WARN_OBJC_ROOT_CLASS = YES_ERROR;
				CLANG_WARN_SUSPICIOUS_MOVE = YES;
				CLANG_WARN_UNREACHABLE_CODE = YES;
				CLANG_WARN__DUPLICATE_METHOD_MATCH = YES;
				"CODE_SIGN_IDENTITY[sdk=iphoneos*]" = "iPhone Developer";
				COPY_PHASE_STRIP = NO;
				DEBUG_INFORMATION_FORMAT = "dwarf-with-dsym";
				ENABLE_NS_ASSERTIONS = NO;
				ENABLE_STRICT_OBJC_MSGSEND = YES;
				GCC_C_LANGUAGE_STANDARD = gnu99;
				GCC_NO_COMMON_BLOCKS = YES;
				GCC_WARN_64_TO_32_BIT_CONVERSION = YES;
				GCC_WARN_ABOUT_RETURN_TYPE = YES_ERROR;
				GCC_WARN_UNDECLARED_SELECTOR = YES;
				GCC_WARN_UNINITIALIZED_AUTOS = YES_AGGRESSIVE;
				GCC_WARN_UNUSED_FUNCTION = YES;
				GCC_WARN_UNUSED_VARIABLE = YES;
				IPHONEOS_DEPLOYMENT_TARGET = 10.2;
				MTL_ENABLE_DEBUG_INFO = NO;
				SDKROOT = iphoneos;
				VALIDATE_PRODUCT = YES;
			};
			name = Release;
		};
		3BD0581B1E5BE1CB00C891E4 /* Debug */ = {
			isa = XCBuildConfiguration;
			baseConfigurationReference = FF5F3C538B926C3EDB7CEA8A /* Pods-Today.debug.xcconfig */;
			buildSettings = {
				ASSETCATALOG_COMPILER_APPICON_NAME = AppIcon;
				INFOPLIST_FILE = "Today/Supporting Files/Info.plist";
				IPHONEOS_DEPLOYMENT_TARGET = 9.0;
				LD_RUNPATH_SEARCH_PATHS = "$(inherited) @executable_path/Frameworks";
				PRODUCT_BUNDLE_IDENTIFIER = shendong.Today;
				PRODUCT_NAME = "$(TARGET_NAME)";
				TARGETED_DEVICE_FAMILY = "1,2";
				TESTING = "";
			};
			name = Debug;
		};
		3BD0581C1E5BE1CB00C891E4 /* Release */ = {
			isa = XCBuildConfiguration;
			baseConfigurationReference = BC61A3E2FC4B01B23A0E8E85 /* Pods-Today.release.xcconfig */;
			buildSettings = {
				ASSETCATALOG_COMPILER_APPICON_NAME = AppIcon;
				INFOPLIST_FILE = "Today/Supporting Files/Info.plist";
				IPHONEOS_DEPLOYMENT_TARGET = 9.0;
				LD_RUNPATH_SEARCH_PATHS = "$(inherited) @executable_path/Frameworks";
				PRODUCT_BUNDLE_IDENTIFIER = shendong.Today;
				PRODUCT_NAME = "$(TARGET_NAME)";
				TARGETED_DEVICE_FAMILY = "1,2";
				TESTING = "";
			};
			name = Release;
		};
		3BF1C50C1E640F6F00223E49 /* Debug */ = {
			isa = XCBuildConfiguration;
			buildSettings = {
				DEVELOPMENT_TEAM = "";
				INFOPLIST_FILE = TodayWidget/Info.plist;
				IPHONEOS_DEPLOYMENT_TARGET = 9.0;
				LD_RUNPATH_SEARCH_PATHS = "$(inherited) @executable_path/Frameworks @executable_path/../../Frameworks";
				PRODUCT_BUNDLE_IDENTIFIER = shendong.Today.TodayWidget;
				PRODUCT_NAME = "$(TARGET_NAME)";
				SKIP_INSTALL = YES;
			};
			name = Debug;
		};
		3BF1C50D1E640F6F00223E49 /* Release */ = {
			isa = XCBuildConfiguration;
			buildSettings = {
				DEVELOPMENT_TEAM = "";
				INFOPLIST_FILE = TodayWidget/Info.plist;
				IPHONEOS_DEPLOYMENT_TARGET = 9.0;
				LD_RUNPATH_SEARCH_PATHS = "$(inherited) @executable_path/Frameworks @executable_path/../../Frameworks";
				PRODUCT_BUNDLE_IDENTIFIER = shendong.Today.TodayWidget;
				PRODUCT_NAME = "$(TARGET_NAME)";
				SKIP_INSTALL = YES;
			};
			name = Release;
		};
/* End XCBuildConfiguration section */

/* Begin XCConfigurationList section */
		3BD057FE1E5BE1CB00C891E4 /* Build configuration list for PBXProject "Today" */ = {
			isa = XCConfigurationList;
			buildConfigurations = (
				3BD058181E5BE1CB00C891E4 /* Debug */,
				3BD058191E5BE1CB00C891E4 /* Release */,
			);
			defaultConfigurationIsVisible = 0;
			defaultConfigurationName = Release;
		};
		3BD0581A1E5BE1CB00C891E4 /* Build configuration list for PBXNativeTarget "Today" */ = {
			isa = XCConfigurationList;
			buildConfigurations = (
				3BD0581B1E5BE1CB00C891E4 /* Debug */,
				3BD0581C1E5BE1CB00C891E4 /* Release */,
			);
			defaultConfigurationIsVisible = 0;
			defaultConfigurationName = Release;
		};
		3BF1C50B1E640F6F00223E49 /* Build configuration list for PBXNativeTarget "TodayWidget" */ = {
			isa = XCConfigurationList;
			buildConfigurations = (
				3BF1C50C1E640F6F00223E49 /* Debug */,
				3BF1C50D1E640F6F00223E49 /* Release */,
			);
			defaultConfigurationIsVisible = 0;
			defaultConfigurationName = Release;
		};
/* End XCConfigurationList section */
	};
	rootObject = 3BD057FB1E5BE1CB00C891E4 /* Project object */;
}
